
Microsoft Visual Studio Solution File, Format Version 12.00
# Visual Studio Version 17
VisualStudioVersion = 17.4.33213.308
MinimumVisualStudioVersion = 10.0.40219.1
Project("{9A19103F-16F7-4668-BE54-9A1E7A4F7556}") = "Calcul2", "Calcul2\Calcul2.csproj", "{2A9C0F7E-C24B-45FB-B50D-DA24BC2B0110}"
EndProject
Project("{9A19103F-16F7-4668-BE54-9A1E7A4F7556}") = "Lesson 6", "CodeBlog\Lesson 6\Lesson 6.csproj", "{DF51E591-6CC0-4823-B331-065C48C3695D}"
EndProject
Project("{9A19103F-16F7-4668-BE54-9A1E7A4F7556}") = "Lesson 7", "CodeBlog\Lesson 7\Lesson 7.csproj", "{EDD09DFD-9371-4891-927E-34F2292D54C3}"
EndProject
Project("{2150E333-8FDC-42A3-9474-1A3956D46DE8}") = "CodeBlog", "CodeBlog", "{2A6B8933-4F25-4A7E-A018-D2828D740CEB}"
EndProject
Project("{9A19103F-16F7-4668-BE54-9A1E7A4F7556}") = "Task1", "LabsOrg\Lesson1\Les1\Task1.csproj", "{EFD939D4-BB62-4C46-9217-21A9A4225198}"
EndProject
Project("{9A19103F-16F7-4668-BE54-9A1E7A4F7556}") = "Task2", "LabsOrg\Lesson1\les1lab2\Task2.csproj", "{922BFEBB-C50A-42C4-97BB-2C208EA24B00}"
EndProject
Project("{9A19103F-16F7-4668-BE54-9A1E7A4F7556}") = "Task3", "LabsOrg\Lesson1\Task3\Task3.csproj", "{826033BC-AAE2-4542-9A2F-DBF12FA3A719}"
EndProject
Project("{9A19103F-16F7-4668-BE54-9A1E7A4F7556}") = "Task4", "LabsOrg\Lesson1\Task4\Task4.csproj", "{77FF7A27-1F31-4673-9BB3-176FF71668BF}"
EndProject
Project("{2150E333-8FDC-42A3-9474-1A3956D46DE8}") = "LabsOrg", "LabsOrg", "{24FC7AE6-BB22-4CBB-B7E2-F84848317422}"
EndProject
Project("{2150E333-8FDC-42A3-9474-1A3956D46DE8}") = "Lesson1", "Lesson1", "{73459FB5-C6AF-413E-99F9-FFD60FC7195E}"
EndProject
Project("{2150E333-8FDC-42A3-9474-1A3956D46DE8}") = "Lesson2", "Lesson2", "{E36421F1-FBC4-46FC-8A55-B0D05E651925}"
EndProject
Project("{2150E333-8FDC-42A3-9474-1A3956D46DE8}") = "Lesson3", "Lesson3", "{33895E7A-C51D-427F-9AA7-1A11719C60DD}"
EndProject
Project("{2150E333-8FDC-42A3-9474-1A3956D46DE8}") = "Lesson4", "Lesson4", "{D0D8CCCF-1084-41AC-A9A8-F49F4C349B8F}"
EndProject
Project("{9A19103F-16F7-4668-BE54-9A1E7A4F7556}") = "Task1", "LabsOrg\Lesson2\Task1\Task1.csproj", "{6A887139-54F2-4CF4-9B6A-25C87F8FB9AF}"
EndProject
Project("{9A19103F-16F7-4668-BE54-9A1E7A4F7556}") = "Task2", "LabsOrg\Lesson2\Task2\Task2.csproj", "{9FA0D0B5-FE97-4C09-9E85-725834E3222F}"
EndProject
Project("{9A19103F-16F7-4668-BE54-9A1E7A4F7556}") = "Task3", "LabsOrg\Lesson2\Task3\Task3.csproj", "{405ADD1F-FFA5-458C-97AF-E3BA48AF70B0}"
EndProject
Project("{9A19103F-16F7-4668-BE54-9A1E7A4F7556}") = "Task4", "LabsOrg\Lesson2\Task4\Task4.csproj", "{CBC1AB51-5C4E-4719-8497-27E3266F7136}"
EndProject
Project("{9A19103F-16F7-4668-BE54-9A1E7A4F7556}") = "Task8", "LabsOrg\Lesson2\Task8\Task8.csproj", "{8932FE0D-FC32-4BF9-AF29-103360241EDB}"
EndProject
Project("{9A19103F-16F7-4668-BE54-9A1E7A4F7556}") = "Task1", "LabsOrg\Lesson3\Task1\Task1.csproj", "{EA343138-6944-4EFC-893D-706F2DB3FEB1}"
EndProject
Project("{9A19103F-16F7-4668-BE54-9A1E7A4F7556}") = "Task2", "LabsOrg\Lesson3\Task2\Task2.csproj", "{8C770E81-FC8C-49D3-9E4F-094049C465A0}"
EndProject
Project("{9A19103F-16F7-4668-BE54-9A1E7A4F7556}") = "Task3", "LabsOrg\Lesson3\Task3\Task3.csproj", "{F3F305FC-C1CE-41E9-AB45-044241C4948A}"
EndProject
Project("{9A19103F-16F7-4668-BE54-9A1E7A4F7556}") = "Task5", "LabsOrg\Lesson3\Task5\Task5.csproj", "{3C89A687-D12C-4B26-B21B-F861F4B2389F}"
EndProject
Project("{9A19103F-16F7-4668-BE54-9A1E7A4F7556}") = "Task7", "LabsOrg\Lesson3\Task7\Task7.csproj", "{684F45AA-D87D-45E8-9FAD-5AEFAC0A4B72}"
EndProject
Project("{9A19103F-16F7-4668-BE54-9A1E7A4F7556}") = "Task8", "LabsOrg\Lesson3\Task8\Task8.csproj", "{ABE40525-B59C-4130-B3E3-7C3851E4DE0A}"
EndProject
Project("{9A19103F-16F7-4668-BE54-9A1E7A4F7556}") = "Task1", "LabsOrg\Lesson4\Task1\Task1.csproj", "{06306A47-C9F2-4D05-B28D-2021348442B7}"
EndProject
Project("{9A19103F-16F7-4668-BE54-9A1E7A4F7556}") = "Task2", "LabsOrg\Lesson4\Task2\Task2.csproj", "{3411F9CE-1E01-437D-B63C-A532E6EEEA80}"
EndProject
Project("{9A19103F-16F7-4668-BE54-9A1E7A4F7556}") = "Task3", "LabsOrg\Lesson4\Task3\Task3.csproj", "{562D3B05-A213-49E4-A447-6F645553A544}"
EndProject
Project("{9A19103F-16F7-4668-BE54-9A1E7A4F7556}") = "Task4", "LabsOrg\Lesson4\Task4\Task4.csproj", "{C22CD308-646E-4140-ADEF-DD8CB0DC11D1}"
EndProject
Project("{9A19103F-16F7-4668-BE54-9A1E7A4F7556}") = "Task5", "LabsOrg\Lesson4\Task5\Task5.csproj", "{34E1D037-9751-4965-BAB9-F95D655AD0AB}"
EndProject
Project("{9A19103F-16F7-4668-BE54-9A1E7A4F7556}") = "Calcul", "Calcul\Calcul.csproj", "{0729A439-7C31-4B00-A649-387D1D940618}"
EndProject
Project("{FAE04EC0-301F-11D3-BF4B-00C04F79EFBC}") = "Lesson 8", "Lesson 8\Lesson 8.csproj", "{30507EDE-1B2E-469D-8925-DD1624425C78}"
EndProject
Project("{FAE04EC0-301F-11D3-BF4B-00C04F79EFBC}") = "Lesson 9", "Lesson 9\Lesson 9.csproj", "{5C12A46A-BA01-4653-AB50-29949646321A}"
EndProject
Project("{2150E333-8FDC-42A3-9474-1A3956D46DE8}") = "Lesson 9", "Lesson 9", "{C4276A5C-F921-4817-862F-ACE24551EC4E}"
EndProject
Project("{FAE04EC0-301F-11D3-BF4B-00C04F79EFBC}") = "Lesson 9.1", "Lesson 9.1\Lesson 9.1.csproj", "{5CB000BD-835F-4E90-BAD9-FF41192144F8}"
EndProject
Project("{2150E333-8FDC-42A3-9474-1A3956D46DE8}") = "Lesson 10", "Lesson 10", "{19BD67DA-E6F7-4B32-8EFC-05DA88ADA0A2}"
EndProject
Project("{FAE04EC0-301F-11D3-BF4B-00C04F79EFBC}") = "Lesson10.1", "Lesson10.1\Lesson10.1.csproj", "{7504E7D9-2FED-4211-B77B-5829BBA664BB}"
EndProject
Project("{FAE04EC0-301F-11D3-BF4B-00C04F79EFBC}") = "Lesson10.2", "Lesson10.2\Lesson10.2.csproj", "{EA4C0B86-CF47-44A6-9141-418CF12E6952}"
EndProject
Project("{2150E333-8FDC-42A3-9474-1A3956D46DE8}") = "Lesson5", "Lesson5", "{E1789DAB-856D-44B4-B128-C6D8C93E4262}"
EndProject
Project("{FAE04EC0-301F-11D3-BF4B-00C04F79EFBC}") = "Task1", "Task1\Task1.csproj", "{D581C287-0922-4411-8288-2AC89F692A58}"
EndProject
Project("{FAE04EC0-301F-11D3-BF4B-00C04F79EFBC}") = "Task2", "Task2\Task2.csproj", "{40AEB7F7-1D8C-4335-B07E-AA8E4277A947}"
EndProject
Project("{FAE04EC0-301F-11D3-BF4B-00C04F79EFBC}") = "Task3", "Task3\Task3.csproj", "{810A01BE-CA46-4AE4-B69A-4DAE3E3B9D7C}"
EndProject
Project("{FAE04EC0-301F-11D3-BF4B-00C04F79EFBC}") = "Task4", "Task4\Task4.csproj", "{594E2228-7EF7-48BC-BE56-94700A004A6C}"
EndProject
Project("{FAE04EC0-301F-11D3-BF4B-00C04F79EFBC}") = "Task5", "Task5\Task5.csproj", "{85A5999E-7F67-408D-8773-3E75BC217D51}"
EndProject
Project("{FAE04EC0-301F-11D3-BF4B-00C04F79EFBC}") = "Task6", "Task6\Task6.csproj", "{C00735AA-A58F-4F1D-8D10-AD7B1A098683}"
EndProject
Project("{FAE04EC0-301F-11D3-BF4B-00C04F79EFBC}") = "Task7", "Task7\Task7.csproj", "{53F8E7A0-5E22-47F8-9BF2-9D2768975ECE}"
EndProject
Global
	GlobalSection(SolutionConfigurationPlatforms) = preSolution
		Debug|Any CPU = Debug|Any CPU
		Release|Any CPU = Release|Any CPU
	EndGlobalSection
	GlobalSection(ProjectConfigurationPlatforms) = postSolution
		{2A9C0F7E-C24B-45FB-B50D-DA24BC2B0110}.Debug|Any CPU.ActiveCfg = Debug|Any CPU
		{2A9C0F7E-C24B-45FB-B50D-DA24BC2B0110}.Debug|Any CPU.Build.0 = Debug|Any CPU
		{2A9C0F7E-C24B-45FB-B50D-DA24BC2B0110}.Release|Any CPU.ActiveCfg = Release|Any CPU
		{2A9C0F7E-C24B-45FB-B50D-DA24BC2B0110}.Release|Any CPU.Build.0 = Release|Any CPU
		{DF51E591-6CC0-4823-B331-065C48C3695D}.Debug|Any CPU.ActiveCfg = Debug|Any CPU
		{DF51E591-6CC0-4823-B331-065C48C3695D}.Debug|Any CPU.Build.0 = Debug|Any CPU
		{DF51E591-6CC0-4823-B331-065C48C3695D}.Release|Any CPU.ActiveCfg = Release|Any CPU
		{DF51E591-6CC0-4823-B331-065C48C3695D}.Release|Any CPU.Build.0 = Release|Any CPU
		{EDD09DFD-9371-4891-927E-34F2292D54C3}.Debug|Any CPU.ActiveCfg = Debug|Any CPU
		{EDD09DFD-9371-4891-927E-34F2292D54C3}.Debug|Any CPU.Build.0 = Debug|Any CPU
		{EDD09DFD-9371-4891-927E-34F2292D54C3}.Release|Any CPU.ActiveCfg = Release|Any CPU
		{EDD09DFD-9371-4891-927E-34F2292D54C3}.Release|Any CPU.Build.0 = Release|Any CPU
		{EFD939D4-BB62-4C46-9217-21A9A4225198}.Debug|Any CPU.ActiveCfg = Debug|Any CPU
		{EFD939D4-BB62-4C46-9217-21A9A4225198}.Debug|Any CPU.Build.0 = Debug|Any CPU
		{EFD939D4-BB62-4C46-9217-21A9A4225198}.Release|Any CPU.ActiveCfg = Release|Any CPU
		{EFD939D4-BB62-4C46-9217-21A9A4225198}.Release|Any CPU.Build.0 = Release|Any CPU
		{922BFEBB-C50A-42C4-97BB-2C208EA24B00}.Debug|Any CPU.ActiveCfg = Debug|Any CPU
		{922BFEBB-C50A-42C4-97BB-2C208EA24B00}.Debug|Any CPU.Build.0 = Debug|Any CPU
		{922BFEBB-C50A-42C4-97BB-2C208EA24B00}.Release|Any CPU.ActiveCfg = Release|Any CPU
		{922BFEBB-C50A-42C4-97BB-2C208EA24B00}.Release|Any CPU.Build.0 = Release|Any CPU
		{826033BC-AAE2-4542-9A2F-DBF12FA3A719}.Debug|Any CPU.ActiveCfg = Debug|Any CPU
		{826033BC-AAE2-4542-9A2F-DBF12FA3A719}.Debug|Any CPU.Build.0 = Debug|Any CPU
		{826033BC-AAE2-4542-9A2F-DBF12FA3A719}.Release|Any CPU.ActiveCfg = Release|Any CPU
		{826033BC-AAE2-4542-9A2F-DBF12FA3A719}.Release|Any CPU.Build.0 = Release|Any CPU
		{77FF7A27-1F31-4673-9BB3-176FF71668BF}.Debug|Any CPU.ActiveCfg = Debug|Any CPU
		{77FF7A27-1F31-4673-9BB3-176FF71668BF}.Debug|Any CPU.Build.0 = Debug|Any CPU
		{77FF7A27-1F31-4673-9BB3-176FF71668BF}.Release|Any CPU.ActiveCfg = Release|Any CPU
		{77FF7A27-1F31-4673-9BB3-176FF71668BF}.Release|Any CPU.Build.0 = Release|Any CPU
		{6A887139-54F2-4CF4-9B6A-25C87F8FB9AF}.Debug|Any CPU.ActiveCfg = Debug|Any CPU
		{6A887139-54F2-4CF4-9B6A-25C87F8FB9AF}.Debug|Any CPU.Build.0 = Debug|Any CPU
		{6A887139-54F2-4CF4-9B6A-25C87F8FB9AF}.Release|Any CPU.ActiveCfg = Release|Any CPU
		{6A887139-54F2-4CF4-9B6A-25C87F8FB9AF}.Release|Any CPU.Build.0 = Release|Any CPU
		{9FA0D0B5-FE97-4C09-9E85-725834E3222F}.Debug|Any CPU.ActiveCfg = Debug|Any CPU
		{9FA0D0B5-FE97-4C09-9E85-725834E3222F}.Debug|Any CPU.Build.0 = Debug|Any CPU
		{9FA0D0B5-FE97-4C09-9E85-725834E3222F}.Release|Any CPU.ActiveCfg = Release|Any CPU
		{9FA0D0B5-FE97-4C09-9E85-725834E3222F}.Release|Any CPU.Build.0 = Release|Any CPU
		{405ADD1F-FFA5-458C-97AF-E3BA48AF70B0}.Debug|Any CPU.ActiveCfg = Debug|Any CPU
		{405ADD1F-FFA5-458C-97AF-E3BA48AF70B0}.Debug|Any CPU.Build.0 = Debug|Any CPU
		{405ADD1F-FFA5-458C-97AF-E3BA48AF70B0}.Release|Any CPU.ActiveCfg = Release|Any CPU
		{405ADD1F-FFA5-458C-97AF-E3BA48AF70B0}.Release|Any CPU.Build.0 = Release|Any CPU
		{CBC1AB51-5C4E-4719-8497-27E3266F7136}.Debug|Any CPU.ActiveCfg = Debug|Any CPU
		{CBC1AB51-5C4E-4719-8497-27E3266F7136}.Debug|Any CPU.Build.0 = Debug|Any CPU
		{CBC1AB51-5C4E-4719-8497-27E3266F7136}.Release|Any CPU.ActiveCfg = Release|Any CPU
		{CBC1AB51-5C4E-4719-8497-27E3266F7136}.Release|Any CPU.Build.0 = Release|Any CPU
		{8932FE0D-FC32-4BF9-AF29-103360241EDB}.Debug|Any CPU.ActiveCfg = Debug|Any CPU
		{8932FE0D-FC32-4BF9-AF29-103360241EDB}.Debug|Any CPU.Build.0 = Debug|Any CPU
		{8932FE0D-FC32-4BF9-AF29-103360241EDB}.Release|Any CPU.ActiveCfg = Release|Any CPU
		{8932FE0D-FC32-4BF9-AF29-103360241EDB}.Release|Any CPU.Build.0 = Release|Any CPU
		{EA343138-6944-4EFC-893D-706F2DB3FEB1}.Debug|Any CPU.ActiveCfg = Debug|Any CPU
		{EA343138-6944-4EFC-893D-706F2DB3FEB1}.Debug|Any CPU.Build.0 = Debug|Any CPU
		{EA343138-6944-4EFC-893D-706F2DB3FEB1}.Release|Any CPU.ActiveCfg = Release|Any CPU
		{EA343138-6944-4EFC-893D-706F2DB3FEB1}.Release|Any CPU.Build.0 = Release|Any CPU
		{8C770E81-FC8C-49D3-9E4F-094049C465A0}.Debug|Any CPU.ActiveCfg = Debug|Any CPU
		{8C770E81-FC8C-49D3-9E4F-094049C465A0}.Debug|Any CPU.Build.0 = Debug|Any CPU
		{8C770E81-FC8C-49D3-9E4F-094049C465A0}.Release|Any CPU.ActiveCfg = Release|Any CPU
		{8C770E81-FC8C-49D3-9E4F-094049C465A0}.Release|Any CPU.Build.0 = Release|Any CPU
		{F3F305FC-C1CE-41E9-AB45-044241C4948A}.Debug|Any CPU.ActiveCfg = Debug|Any CPU
		{F3F305FC-C1CE-41E9-AB45-044241C4948A}.Debug|Any CPU.Build.0 = Debug|Any CPU
		{F3F305FC-C1CE-41E9-AB45-044241C4948A}.Release|Any CPU.ActiveCfg = Release|Any CPU
		{F3F305FC-C1CE-41E9-AB45-044241C4948A}.Release|Any CPU.Build.0 = Release|Any CPU
		{3C89A687-D12C-4B26-B21B-F861F4B2389F}.Debug|Any CPU.ActiveCfg = Debug|Any CPU
		{3C89A687-D12C-4B26-B21B-F861F4B2389F}.Debug|Any CPU.Build.0 = Debug|Any CPU
		{3C89A687-D12C-4B26-B21B-F861F4B2389F}.Release|Any CPU.ActiveCfg = Release|Any CPU
		{3C89A687-D12C-4B26-B21B-F861F4B2389F}.Release|Any CPU.Build.0 = Release|Any CPU
		{684F45AA-D87D-45E8-9FAD-5AEFAC0A4B72}.Debug|Any CPU.ActiveCfg = Debug|Any CPU
		{684F45AA-D87D-45E8-9FAD-5AEFAC0A4B72}.Debug|Any CPU.Build.0 = Debug|Any CPU
		{684F45AA-D87D-45E8-9FAD-5AEFAC0A4B72}.Release|Any CPU.ActiveCfg = Release|Any CPU
		{684F45AA-D87D-45E8-9FAD-5AEFAC0A4B72}.Release|Any CPU.Build.0 = Release|Any CPU
		{ABE40525-B59C-4130-B3E3-7C3851E4DE0A}.Debug|Any CPU.ActiveCfg = Debug|Any CPU
		{ABE40525-B59C-4130-B3E3-7C3851E4DE0A}.Debug|Any CPU.Build.0 = Debug|Any CPU
		{ABE40525-B59C-4130-B3E3-7C3851E4DE0A}.Release|Any CPU.ActiveCfg = Release|Any CPU
		{ABE40525-B59C-4130-B3E3-7C3851E4DE0A}.Release|Any CPU.Build.0 = Release|Any CPU
		{06306A47-C9F2-4D05-B28D-2021348442B7}.Debug|Any CPU.ActiveCfg = Debug|Any CPU
		{06306A47-C9F2-4D05-B28D-2021348442B7}.Debug|Any CPU.Build.0 = Debug|Any CPU
		{06306A47-C9F2-4D05-B28D-2021348442B7}.Release|Any CPU.ActiveCfg = Release|Any CPU
		{06306A47-C9F2-4D05-B28D-2021348442B7}.Release|Any CPU.Build.0 = Release|Any CPU
		{3411F9CE-1E01-437D-B63C-A532E6EEEA80}.Debug|Any CPU.ActiveCfg = Debug|Any CPU
		{3411F9CE-1E01-437D-B63C-A532E6EEEA80}.Debug|Any CPU.Build.0 = Debug|Any CPU
		{3411F9CE-1E01-437D-B63C-A532E6EEEA80}.Release|Any CPU.ActiveCfg = Release|Any CPU
		{3411F9CE-1E01-437D-B63C-A532E6EEEA80}.Release|Any CPU.Build.0 = Release|Any CPU
		{562D3B05-A213-49E4-A447-6F645553A544}.Debug|Any CPU.ActiveCfg = Debug|Any CPU
		{562D3B05-A213-49E4-A447-6F645553A544}.Debug|Any CPU.Build.0 = Debug|Any CPU
		{562D3B05-A213-49E4-A447-6F645553A544}.Release|Any CPU.ActiveCfg = Release|Any CPU
		{562D3B05-A213-49E4-A447-6F645553A544}.Release|Any CPU.Build.0 = Release|Any CPU
		{C22CD308-646E-4140-ADEF-DD8CB0DC11D1}.Debug|Any CPU.ActiveCfg = Debug|Any CPU
		{C22CD308-646E-4140-ADEF-DD8CB0DC11D1}.Debug|Any CPU.Build.0 = Debug|Any CPU
		{C22CD308-646E-4140-ADEF-DD8CB0DC11D1}.Release|Any CPU.ActiveCfg = Release|Any CPU
		{C22CD308-646E-4140-ADEF-DD8CB0DC11D1}.Release|Any CPU.Build.0 = Release|Any CPU
		{34E1D037-9751-4965-BAB9-F95D655AD0AB}.Debug|Any CPU.ActiveCfg = Debug|Any CPU
		{34E1D037-9751-4965-BAB9-F95D655AD0AB}.Debug|Any CPU.Build.0 = Debug|Any CPU
		{34E1D037-9751-4965-BAB9-F95D655AD0AB}.Release|Any CPU.ActiveCfg = Release|Any CPU
		{34E1D037-9751-4965-BAB9-F95D655AD0AB}.Release|Any CPU.Build.0 = Release|Any CPU
		{0729A439-7C31-4B00-A649-387D1D940618}.Debug|Any CPU.ActiveCfg = Debug|Any CPU
		{0729A439-7C31-4B00-A649-387D1D940618}.Debug|Any CPU.Build.0 = Debug|Any CPU
		{0729A439-7C31-4B00-A649-387D1D940618}.Release|Any CPU.ActiveCfg = Release|Any CPU
		{0729A439-7C31-4B00-A649-387D1D940618}.Release|Any CPU.Build.0 = Release|Any CPU
		{30507EDE-1B2E-469D-8925-DD1624425C78}.Debug|Any CPU.ActiveCfg = Debug|Any CPU
		{30507EDE-1B2E-469D-8925-DD1624425C78}.Debug|Any CPU.Build.0 = Debug|Any CPU
		{30507EDE-1B2E-469D-8925-DD1624425C78}.Release|Any CPU.ActiveCfg = Release|Any CPU
		{30507EDE-1B2E-469D-8925-DD1624425C78}.Release|Any CPU.Build.0 = Release|Any CPU
		{5C12A46A-BA01-4653-AB50-29949646321A}.Debug|Any CPU.ActiveCfg = Debug|Any CPU
		{5C12A46A-BA01-4653-AB50-29949646321A}.Debug|Any CPU.Build.0 = Debug|Any CPU
		{5C12A46A-BA01-4653-AB50-29949646321A}.Release|Any CPU.ActiveCfg = Release|Any CPU
		{5C12A46A-BA01-4653-AB50-29949646321A}.Release|Any CPU.Build.0 = Release|Any CPU
		{5CB000BD-835F-4E90-BAD9-FF41192144F8}.Debug|Any CPU.ActiveCfg = Debug|Any CPU
		{5CB000BD-835F-4E90-BAD9-FF41192144F8}.Debug|Any CPU.Build.0 = Debug|Any CPU
		{5CB000BD-835F-4E90-BAD9-FF41192144F8}.Release|Any CPU.ActiveCfg = Release|Any CPU
		{5CB000BD-835F-4E90-BAD9-FF41192144F8}.Release|Any CPU.Build.0 = Release|Any CPU
		{7504E7D9-2FED-4211-B77B-5829BBA664BB}.Debug|Any CPU.ActiveCfg = Debug|Any CPU
		{7504E7D9-2FED-4211-B77B-5829BBA664BB}.Debug|Any CPU.Build.0 = Debug|Any CPU
		{7504E7D9-2FED-4211-B77B-5829BBA664BB}.Release|Any CPU.ActiveCfg = Release|Any CPU
		{7504E7D9-2FED-4211-B77B-5829BBA664BB}.Release|Any CPU.Build.0 = Release|Any CPU
		{EA4C0B86-CF47-44A6-9141-418CF12E6952}.Debug|Any CPU.ActiveCfg = Debug|Any CPU
		{EA4C0B86-CF47-44A6-9141-418CF12E6952}.Debug|Any CPU.Build.0 = Debug|Any CPU
		{EA4C0B86-CF47-44A6-9141-418CF12E6952}.Release|Any CPU.ActiveCfg = Release|Any CPU
		{EA4C0B86-CF47-44A6-9141-418CF12E6952}.Release|Any CPU.Build.0 = Release|Any CPU
		{D581C287-0922-4411-8288-2AC89F692A58}.Debug|Any CPU.ActiveCfg = Debug|Any CPU
		{D581C287-0922-4411-8288-2AC89F692A58}.Debug|Any CPU.Build.0 = Debug|Any CPU
		{D581C287-0922-4411-8288-2AC89F692A58}.Release|Any CPU.ActiveCfg = Release|Any CPU
		{D581C287-0922-4411-8288-2AC89F692A58}.Release|Any CPU.Build.0 = Release|Any CPU
		{40AEB7F7-1D8C-4335-B07E-AA8E4277A947}.Debug|Any CPU.ActiveCfg = Debug|Any CPU
		{40AEB7F7-1D8C-4335-B07E-AA8E4277A947}.Debug|Any CPU.Build.0 = Debug|Any CPU
		{40AEB7F7-1D8C-4335-B07E-AA8E4277A947}.Release|Any CPU.ActiveCfg = Release|Any CPU
		{40AEB7F7-1D8C-4335-B07E-AA8E4277A947}.Release|Any CPU.Build.0 = Release|Any CPU
		{810A01BE-CA46-4AE4-B69A-4DAE3E3B9D7C}.Debug|Any CPU.ActiveCfg = Debug|Any CPU
		{810A01BE-CA46-4AE4-B69A-4DAE3E3B9D7C}.Debug|Any CPU.Build.0 = Debug|Any CPU
		{810A01BE-CA46-4AE4-B69A-4DAE3E3B9D7C}.Release|Any CPU.ActiveCfg = Release|Any CPU
		{810A01BE-CA46-4AE4-B69A-4DAE3E3B9D7C}.Release|Any CPU.Build.0 = Release|Any CPU
		{594E2228-7EF7-48BC-BE56-94700A004A6C}.Debug|Any CPU.ActiveCfg = Debug|Any CPU
		{594E2228-7EF7-48BC-BE56-94700A004A6C}.Debug|Any CPU.Build.0 = Debug|Any CPU
		{594E2228-7EF7-48BC-BE56-94700A004A6C}.Release|Any CPU.ActiveCfg = Release|Any CPU
		{594E2228-7EF7-48BC-BE56-94700A004A6C}.Release|Any CPU.Build.0 = Release|Any CPU
		{85A5999E-7F67-408D-8773-3E75BC217D51}.Debug|Any CPU.ActiveCfg = Debug|Any CPU
		{85A5999E-7F67-408D-8773-3E75BC217D51}.Debug|Any CPU.Build.0 = Debug|Any CPU
		{85A5999E-7F67-408D-8773-3E75BC217D51}.Release|Any CPU.ActiveCfg = Release|Any CPU
		{85A5999E-7F67-408D-8773-3E75BC217D51}.Release|Any CPU.Build.0 = Release|Any CPU
		{C00735AA-A58F-4F1D-8D10-AD7B1A098683}.Debug|Any CPU.ActiveCfg = Debug|Any CPU
		{C00735AA-A58F-4F1D-8D10-AD7B1A098683}.Debug|Any CPU.Build.0 = Debug|Any CPU
		{C00735AA-A58F-4F1D-8D10-AD7B1A098683}.Release|Any CPU.ActiveCfg = Release|Any CPU
		{C00735AA-A58F-4F1D-8D10-AD7B1A098683}.Release|Any CPU.Build.0 = Release|Any CPU
		{53F8E7A0-5E22-47F8-9BF2-9D2768975ECE}.Debug|Any CPU.ActiveCfg = Debug|Any CPU
		{53F8E7A0-5E22-47F8-9BF2-9D2768975ECE}.Debug|Any CPU.Build.0 = Debug|Any CPU
		{53F8E7A0-5E22-47F8-9BF2-9D2768975ECE}.Release|Any CPU.ActiveCfg = Release|Any CPU
		{53F8E7A0-5E22-47F8-9BF2-9D2768975ECE}.Release|Any CPU.Build.0 = Release|Any CPU
	EndGlobalSection
	GlobalSection(SolutionProperties) = preSolution
		HideSolutionNode = FALSE
	EndGlobalSection
	GlobalSection(NestedProjects) = preSolution
		{2A9C0F7E-C24B-45FB-B50D-DA24BC2B0110} = {2A6B8933-4F25-4A7E-A018-D2828D740CEB}
		{DF51E591-6CC0-4823-B331-065C48C3695D} = {2A6B8933-4F25-4A7E-A018-D2828D740CEB}
		{EDD09DFD-9371-4891-927E-34F2292D54C3} = {2A6B8933-4F25-4A7E-A018-D2828D740CEB}
		{EFD939D4-BB62-4C46-9217-21A9A4225198} = {73459FB5-C6AF-413E-99F9-FFD60FC7195E}
		{922BFEBB-C50A-42C4-97BB-2C208EA24B00} = {73459FB5-C6AF-413E-99F9-FFD60FC7195E}
		{826033BC-AAE2-4542-9A2F-DBF12FA3A719} = {73459FB5-C6AF-413E-99F9-FFD60FC7195E}
		{77FF7A27-1F31-4673-9BB3-176FF71668BF} = {73459FB5-C6AF-413E-99F9-FFD60FC7195E}
		{73459FB5-C6AF-413E-99F9-FFD60FC7195E} = {24FC7AE6-BB22-4CBB-B7E2-F84848317422}
		{E36421F1-FBC4-46FC-8A55-B0D05E651925} = {24FC7AE6-BB22-4CBB-B7E2-F84848317422}
		{33895E7A-C51D-427F-9AA7-1A11719C60DD} = {24FC7AE6-BB22-4CBB-B7E2-F84848317422}
		{D0D8CCCF-1084-41AC-A9A8-F49F4C349B8F} = {24FC7AE6-BB22-4CBB-B7E2-F84848317422}
		{6A887139-54F2-4CF4-9B6A-25C87F8FB9AF} = {E36421F1-FBC4-46FC-8A55-B0D05E651925}
		{9FA0D0B5-FE97-4C09-9E85-725834E3222F} = {E36421F1-FBC4-46FC-8A55-B0D05E651925}
		{405ADD1F-FFA5-458C-97AF-E3BA48AF70B0} = {E36421F1-FBC4-46FC-8A55-B0D05E651925}
		{CBC1AB51-5C4E-4719-8497-27E3266F7136} = {E36421F1-FBC4-46FC-8A55-B0D05E651925}
		{8932FE0D-FC32-4BF9-AF29-103360241EDB} = {E36421F1-FBC4-46FC-8A55-B0D05E651925}
		{EA343138-6944-4EFC-893D-706F2DB3FEB1} = {33895E7A-C51D-427F-9AA7-1A11719C60DD}
		{8C770E81-FC8C-49D3-9E4F-094049C465A0} = {33895E7A-C51D-427F-9AA7-1A11719C60DD}
		{F3F305FC-C1CE-41E9-AB45-044241C4948A} = {33895E7A-C51D-427F-9AA7-1A11719C60DD}
		{3C89A687-D12C-4B26-B21B-F861F4B2389F} = {33895E7A-C51D-427F-9AA7-1A11719C60DD}
		{684F45AA-D87D-45E8-9FAD-5AEFAC0A4B72} = {33895E7A-C51D-427F-9AA7-1A11719C60DD}
		{ABE40525-B59C-4130-B3E3-7C3851E4DE0A} = {33895E7A-C51D-427F-9AA7-1A11719C60DD}
		{06306A47-C9F2-4D05-B28D-2021348442B7} = {D0D8CCCF-1084-41AC-A9A8-F49F4C349B8F}
		{3411F9CE-1E01-437D-B63C-A532E6EEEA80} = {D0D8CCCF-1084-41AC-A9A8-F49F4C349B8F}
		{562D3B05-A213-49E4-A447-6F645553A544} = {D0D8CCCF-1084-41AC-A9A8-F49F4C349B8F}
		{C22CD308-646E-4140-ADEF-DD8CB0DC11D1} = {D0D8CCCF-1084-41AC-A9A8-F49F4C349B8F}
		{34E1D037-9751-4965-BAB9-F95D655AD0AB} = {D0D8CCCF-1084-41AC-A9A8-F49F4C349B8F}
		{0729A439-7C31-4B00-A649-387D1D940618} = {2A6B8933-4F25-4A7E-A018-D2828D740CEB}
		{30507EDE-1B2E-469D-8925-DD1624425C78} = {2A6B8933-4F25-4A7E-A018-D2828D740CEB}
		{5C12A46A-BA01-4653-AB50-29949646321A} = {C4276A5C-F921-4817-862F-ACE24551EC4E}
		{C4276A5C-F921-4817-862F-ACE24551EC4E} = {2A6B8933-4F25-4A7E-A018-D2828D740CEB}
		{5CB000BD-835F-4E90-BAD9-FF41192144F8} = {C4276A5C-F921-4817-862F-ACE24551EC4E}
		{19BD67DA-E6F7-4B32-8EFC-05DA88ADA0A2} = {2A6B8933-4F25-4A7E-A018-D2828D740CEB}
		{7504E7D9-2FED-4211-B77B-5829BBA664BB} = {19BD67DA-E6F7-4B32-8EFC-05DA88ADA0A2}
		{EA4C0B86-CF47-44A6-9141-418CF12E6952} = {19BD67DA-E6F7-4B32-8EFC-05DA88ADA0A2}
		{E1789DAB-856D-44B4-B128-C6D8C93E4262} = {24FC7AE6-BB22-4CBB-B7E2-F84848317422}
		{D581C287-0922-4411-8288-2AC89F692A58} = {E1789DAB-856D-44B4-B128-C6D8C93E4262}
		{40AEB7F7-1D8C-4335-B07E-AA8E4277A947} = {E1789DAB-856D-44B4-B128-C6D8C93E4262}
		{810A01BE-CA46-4AE4-B69A-4DAE3E3B9D7C} = {E1789DAB-856D-44B4-B128-C6D8C93E4262}
		{594E2228-7EF7-48BC-BE56-94700A004A6C} = {E1789DAB-856D-44B4-B128-C6D8C93E4262}
		{85A5999E-7F67-408D-8773-3E75BC217D51} = {E1789DAB-856D-44B4-B128-C6D8C93E4262}
		{C00735AA-A58F-4F1D-8D10-AD7B1A098683} = {E1789DAB-856D-44B4-B128-C6D8C93E4262}
		{53F8E7A0-5E22-47F8-9BF2-9D2768975ECE} = {E1789DAB-856D-44B4-B128-C6D8C93E4262}
	EndGlobalSection
	GlobalSection(ExtensibilityGlobals) = postSolution
		SolutionGuid = {1CA5A8A3-DD06-4915-8F15-50B3DE60A5D9}
	EndGlobalSection
EndGlobal
