
Microsoft Visual Studio Solution File, Format Version 12.00
# Visual Studio Version 17
VisualStudioVersion = 17.4.33213.308
MinimumVisualStudioVersion = 10.0.40219.1
Project("{9A19103F-16F7-4668-BE54-9A1E7A4F7556}") = "Calcul2", "Calcul2\Calcul2.csproj", "{2A9C0F7E-C24B-45FB-B50D-DA24BC2B0110}"
EndProject
Project("{9A19103F-16F7-4668-BE54-9A1E7A4F7556}") = "Lesson 6", "CodeBlog\Lesson 6\Lesson 6.csproj", "{DF51E591-6CC0-4823-B331-065C48C3695D}"
EndProject
Project("{9A19103F-16F7-4668-BE54-9A1E7A4F7556}") = "Lesson 7", "CodeBlog\Lesson 7\Lesson 7.csproj", "{EDD09DFD-9371-4891-927E-34F2292D54C3}"
EndProject
Project("{2150E333-8FDC-42A3-9474-1A3956D46DE8}") = "CodeBlog", "CodeBlog", "{2A6B8933-4F25-4A7E-A018-D2828D740CEB}"
EndProject
Project("{9A19103F-16F7-4668-BE54-9A1E7A4F7556}") = "Task1", "LabsOrg\Lesson1\Les1\Task1.csproj", "{EFD939D4-BB62-4C46-9217-21A9A4225198}"
EndProject
Project("{9A19103F-16F7-4668-BE54-9A1E7A4F7556}") = "Task2", "LabsOrg\Lesson1\les1lab2\Task2.csproj", "{922BFEBB-C50A-42C4-97BB-2C208EA24B00}"
EndProject
Project("{9A19103F-16F7-4668-BE54-9A1E7A4F7556}") = "Task3", "LabsOrg\Lesson1\Task3\Task3.csproj", "{826033BC-AAE2-4542-9A2F-DBF12FA3A719}"
EndProject
Project("{9A19103F-16F7-4668-BE54-9A1E7A4F7556}") = "Task4", "LabsOrg\Lesson1\Task4\Task4.csproj", "{77FF7A27-1F31-4673-9BB3-176FF71668BF}"
EndProject
Project("{2150E333-8FDC-42A3-9474-1A3956D46DE8}") = "LabsOrg", "LabsOrg", "{24FC7AE6-BB22-4CBB-B7E2-F84848317422}"
EndProject
Project("{2150E333-8FDC-42A3-9474-1A3956D46DE8}") = "Lesson1", "Lesson1", "{73459FB5-C6AF-413E-99F9-FFD60FC7195E}"
EndProject
Project("{2150E333-8FDC-42A3-9474-1A3956D46DE8}") = "Lesson2", "Lesson2", "{E36421F1-FBC4-46FC-8A55-B0D05E651925}"
EndProject
Project("{2150E333-8FDC-42A3-9474-1A3956D46DE8}") = "Lesson3", "Lesson3", "{33895E7A-C51D-427F-9AA7-1A11719C60DD}"
EndProject
Project("{2150E333-8FDC-42A3-9474-1A3956D46DE8}") = "Lesson4", "Lesson4", "{D0D8CCCF-1084-41AC-A9A8-F49F4C349B8F}"
EndProject
Project("{9A19103F-16F7-4668-BE54-9A1E7A4F7556}") = "Task1", "LabsOrg\Lesson2\Task1\Task1.csproj", "{6A887139-54F2-4CF4-9B6A-25C87F8FB9AF}"
EndProject
Project("{9A19103F-16F7-4668-BE54-9A1E7A4F7556}") = "Task2", "LabsOrg\Lesson2\Task2\Task2.csproj", "{9FA0D0B5-FE97-4C09-9E85-725834E3222F}"
EndProject
Project("{9A19103F-16F7-4668-BE54-9A1E7A4F7556}") = "Task3", "LabsOrg\Lesson2\Task3\Task3.csproj", "{405ADD1F-FFA5-458C-97AF-E3BA48AF70B0}"
EndProject
Project("{9A19103F-16F7-4668-BE54-9A1E7A4F7556}") = "Task4", "LabsOrg\Lesson2\Task4\Task4.csproj", "{CBC1AB51-5C4E-4719-8497-27E3266F7136}"
EndProject
Project("{9A19103F-16F7-4668-BE54-9A1E7A4F7556}") = "Task8", "LabsOrg\Lesson2\Task8\Task8.csproj", "{8932FE0D-FC32-4BF9-AF29-103360241EDB}"
EndProject
Project("{9A19103F-16F7-4668-BE54-9A1E7A4F7556}") = "Task1", "LabsOrg\Lesson3\Task1\Task1.csproj", "{EA343138-6944-4EFC-893D-706F2DB3FEB1}"
EndProject
Project("{9A19103F-16F7-4668-BE54-9A1E7A4F7556}") = "Task2", "LabsOrg\Lesson3\Task2\Task2.csproj", "{8C770E81-FC8C-49D3-9E4F-094049C465A0}"
EndProject
Project("{9A19103F-16F7-4668-BE54-9A1E7A4F7556}") = "Task3", "LabsOrg\Lesson3\Task3\Task3.csproj", "{F3F305FC-C1CE-41E9-AB45-044241C4948A}"
EndProject
Project("{9A19103F-16F7-4668-BE54-9A1E7A4F7556}") = "Task5", "LabsOrg\Lesson3\Task5\Task5.csproj", "{3C89A687-D12C-4B26-B21B-F861F4B2389F}"
EndProject
Project("{9A19103F-16F7-4668-BE54-9A1E7A4F7556}") = "Task7", "LabsOrg\Lesson3\Task7\Task7.csproj", "{684F45AA-D87D-45E8-9FAD-5AEFAC0A4B72}"
EndProject
Project("{9A19103F-16F7-4668-BE54-9A1E7A4F7556}") = "Task8", "LabsOrg\Lesson3\Task8\Task8.csproj", "{ABE40525-B59C-4130-B3E3-7C3851E4DE0A}"
EndProject
Project("{9A19103F-16F7-4668-BE54-9A1E7A4F7556}") = "Task1", "LabsOrg\Lesson4\Task1\Task1.csproj", "{06306A47-C9F2-4D05-B28D-2021348442B7}"
EndProject
Project("{9A19103F-16F7-4668-BE54-9A1E7A4F7556}") = "Task2", "LabsOrg\Lesson4\Task2\Task2.csproj", "{3411F9CE-1E01-437D-B63C-A532E6EEEA80}"
EndProject
Project("{9A19103F-16F7-4668-BE54-9A1E7A4F7556}") = "Task3", "LabsOrg\Lesson4\Task3\Task3.csproj", "{562D3B05-A213-49E4-A447-6F645553A544}"
EndProject
Project("{9A19103F-16F7-4668-BE54-9A1E7A4F7556}") = "Task4", "LabsOrg\Lesson4\Task4\Task4.csproj", "{C22CD308-646E-4140-ADEF-DD8CB0DC11D1}"
EndProject
Project("{9A19103F-16F7-4668-BE54-9A1E7A4F7556}") = "Task5", "LabsOrg\Lesson4\Task5\Task5.csproj", "{34E1D037-9751-4965-BAB9-F95D655AD0AB}"
EndProject
Project("{9A19103F-16F7-4668-BE54-9A1E7A4F7556}") = "Calcul", "Calcul\Calcul.csproj", "{0729A439-7C31-4B00-A649-387D1D940618}"
EndProject
Project("{2150E333-8FDC-42A3-9474-1A3956D46DE8}") = "Lesson 9", "Lesson 9", "{C4276A5C-F921-4817-862F-ACE24551EC4E}"
EndProject
Project("{2150E333-8FDC-42A3-9474-1A3956D46DE8}") = "Lesson 10", "Lesson 10", "{19BD67DA-E6F7-4B32-8EFC-05DA88ADA0A2}"
EndProject
Project("{2150E333-8FDC-42A3-9474-1A3956D46DE8}") = "Lesson5", "Lesson5", "{E1789DAB-856D-44B4-B128-C6D8C93E4262}"
EndProject
Project("{9A19103F-16F7-4668-BE54-9A1E7A4F7556}") = "Lesson 8", "CodeBlog\Lesson 8\Lesson 8.csproj", "{310ECEA5-E1E5-4563-A988-30643BB48967}"
EndProject
Project("{9A19103F-16F7-4668-BE54-9A1E7A4F7556}") = "Lesson 9", "CodeBlog\Lesson 9\Lesson 9.csproj", "{E60F5E5C-6813-430C-A58D-FD1062FB6F67}"
EndProject
Project("{9A19103F-16F7-4668-BE54-9A1E7A4F7556}") = "Lesson 9.1", "CodeBlog\Lesson 9.1\Lesson 9.1.csproj", "{90CCFB87-626A-4E29-B78D-98B47E4121D4}"
EndProject
Project("{9A19103F-16F7-4668-BE54-9A1E7A4F7556}") = "Lesson10.1", "CodeBlog\Lesson10.1\Lesson10.1.csproj", "{2D6577FB-0399-4F49-920C-D606A8AA547D}"
EndProject
Project("{9A19103F-16F7-4668-BE54-9A1E7A4F7556}") = "Lesson10.2", "CodeBlog\Lesson10.2\Lesson10.2.csproj", "{33DD211E-02BD-4525-B54F-4673C048640A}"
EndProject
Project("{9A19103F-16F7-4668-BE54-9A1E7A4F7556}") = "Task1", "LabsOrg\Lesson5\Task1\Task1.csproj", "{1558DA7E-2B1F-4253-B74A-E650410F4F96}"
EndProject
Project("{9A19103F-16F7-4668-BE54-9A1E7A4F7556}") = "Task2", "LabsOrg\Lesson5\Task2\Task2.csproj", "{FF733FD7-19BD-4790-9CF1-666FA0A63578}"
EndProject
Project("{9A19103F-16F7-4668-BE54-9A1E7A4F7556}") = "Task3", "LabsOrg\Lesson5\Task3\Task3.csproj", "{A17D8ECA-C8AD-443E-9615-793E008D903E}"
EndProject
Project("{9A19103F-16F7-4668-BE54-9A1E7A4F7556}") = "Task4", "LabsOrg\Lesson5\Task4\Task4.csproj", "{ED20E0EA-B3D6-4CB9-BC35-81CC17FD3061}"
EndProject
Project("{9A19103F-16F7-4668-BE54-9A1E7A4F7556}") = "Task5", "LabsOrg\Lesson5\Task5\Task5.csproj", "{6AADFED1-069B-45ED-87E9-C98780904E78}"
EndProject
Project("{9A19103F-16F7-4668-BE54-9A1E7A4F7556}") = "Task6", "LabsOrg\Lesson5\Task6\Task6.csproj", "{BBA67BA7-8D61-4578-B8D6-82EEB1E2BA5B}"
EndProject
Project("{9A19103F-16F7-4668-BE54-9A1E7A4F7556}") = "Task7", "LabsOrg\Lesson5\Task7\Task7.csproj", "{D24E5876-D733-4DD6-A501-F7C51B21196D}"
EndProject
Project("{2150E333-8FDC-42A3-9474-1A3956D46DE8}") = "Lesson6", "Lesson6", "{80F4F6BA-D856-4A73-95E3-67B174B85F50}"
EndProject
Project("{9A19103F-16F7-4668-BE54-9A1E7A4F7556}") = "Task1", "LabsOrg\Lesson6\Task1\Task1.csproj", "{7B18B969-DCF2-4828-B7C6-3EA90FE33DCE}"
EndProject
Project("{9A19103F-16F7-4668-BE54-9A1E7A4F7556}") = "TAsk2", "LabsOrg\Lesson6\TAsk2\TAsk2.csproj", "{F910C3CB-E1EC-484B-BB62-8823FEDA9098}"
EndProject
Project("{9A19103F-16F7-4668-BE54-9A1E7A4F7556}") = "Task3", "LabsOrg\Lesson6\Task3\Task3.csproj", "{2F0CA6B4-5094-40E6-B5DB-14DB47617154}"
EndProject
Project("{2150E333-8FDC-42A3-9474-1A3956D46DE8}") = "Lesson7", "Lesson7", "{2EFA01D6-996E-4EF7-8C2E-328E59E58CC0}"
EndProject
Project("{9A19103F-16F7-4668-BE54-9A1E7A4F7556}") = "Task1", "LabsOrg\Lesson7\Task1\Task1.csproj", "{B9E225BD-CD95-48CC-8DFD-9A3C100C0C46}"
EndProject
Project("{9A19103F-16F7-4668-BE54-9A1E7A4F7556}") = "Task2", "LabsOrg\Lesson7\Task2\Task2.csproj", "{0530F83D-2D0A-4307-AB45-A228A8C9C3CC}"
EndProject
Project("{9A19103F-16F7-4668-BE54-9A1E7A4F7556}") = "Task3", "LabsOrg\Lesson7\Task3\Task3.csproj", "{7DF3E3CF-1BA0-4D90-B55C-273B98265441}"
EndProject
Project("{2150E333-8FDC-42A3-9474-1A3956D46DE8}") = "Lesson8", "Lesson8", "{3D7B9D52-A1EF-43EA-8EC0-526FE017C71D}"
EndProject
Project("{9A19103F-16F7-4668-BE54-9A1E7A4F7556}") = "Task1", "LabsOrg\Lesson8\Task1\Task1.csproj", "{B8E1B0CA-59EF-4E9D-96F1-8D70BB2A9BBD}"
EndProject
Project("{9A19103F-16F7-4668-BE54-9A1E7A4F7556}") = "Task2", "LabsOrg\Lesson8\Task2\Task2.csproj", "{12EE8426-F770-4E0E-ABA8-28440739222E}"
EndProject
Project("{2150E333-8FDC-42A3-9474-1A3956D46DE8}") = "Lesson9", "Lesson9", "{AAB1BB8C-2CFB-4F11-AD54-301AEDE32D28}"
EndProject
Project("{9A19103F-16F7-4668-BE54-9A1E7A4F7556}") = "Task1", "LabsOrg\Lesson9\Task1\Task1.csproj", "{E8DFD8F6-272E-487F-B46B-433AB340861C}"
EndProject
Project("{9A19103F-16F7-4668-BE54-9A1E7A4F7556}") = "Task2", "LabsOrg\Lesson9\Task2\Task2.csproj", "{E191B0DB-EA2F-4E62-A9E9-3DDBE06BBF21}"
EndProject
Project("{2150E333-8FDC-42A3-9474-1A3956D46DE8}") = "Lesson10", "Lesson10", "{DEED21B4-E584-4652-B05F-38227095DFAB}"
EndProject
Project("{9A19103F-16F7-4668-BE54-9A1E7A4F7556}") = "Task1", "LabsOrg\Lesson10\Task1\Task1.csproj", "{EBF7AC4E-B64D-4E3D-8773-9C5FF7C18756}"
EndProject
Project("{9A19103F-16F7-4668-BE54-9A1E7A4F7556}") = "Task2", "LabsOrg\Lesson10\Task2\Task2.csproj", "{97E08274-F52D-4EF2-8911-BD425A95347B}"
EndProject
Project("{9A19103F-16F7-4668-BE54-9A1E7A4F7556}") = "Task3", "LabsOrg\Lesson10\Task3\Task3.csproj", "{2CE9B036-2344-47D4-96D3-E991A2901970}"
EndProject
Project("{9A19103F-16F7-4668-BE54-9A1E7A4F7556}") = "Task4", "LabsOrg\Lesson10\Task4\Task4.csproj", "{8E1AEAAE-1656-4A54-B2B6-91CF5E79EFEB}"
EndProject
Project("{9A19103F-16F7-4668-BE54-9A1E7A4F7556}") = "Task5", "LabsOrg\Lesson10\Task5\Task5.csproj", "{992B9A4D-0715-434E-93A0-03F80265F6A0}"
EndProject
Project("{9A19103F-16F7-4668-BE54-9A1E7A4F7556}") = "Task6", "LabsOrg\Lesson10\Task6\Task6.csproj", "{52B53E42-90D6-4AEA-BFCE-E9C28F8CFB9F}"
EndProject
Project("{2150E333-8FDC-42A3-9474-1A3956D46DE8}") = "Lesson11", "Lesson11", "{243CECE4-3332-4161-97C7-5C1EDBE2693D}"
EndProject
Project("{9A19103F-16F7-4668-BE54-9A1E7A4F7556}") = "Task1", "LabsOrg\Lesson11\Task1\Task1.csproj", "{C231B540-9FB2-49AF-8488-75289329B473}"
EndProject
Project("{2150E333-8FDC-42A3-9474-1A3956D46DE8}") = "Lesson 11", "Lesson 11", "{3271B547-1DD7-4091-B0E7-384FB177952B}"
EndProject
Project("{9A19103F-16F7-4668-BE54-9A1E7A4F7556}") = "Lesson11.1", "CodeBlog\Lesson11.1\Lesson11.1.csproj", "{63BE600A-843B-4788-9E3F-901FF8BF3F4D}"
EndProject
Project("{9A19103F-16F7-4668-BE54-9A1E7A4F7556}") = "Task2", "LabsOrg\Lesson11\Task2\Task2.csproj", "{598AC126-F2D6-4CA5-942A-6E120EE76487}"
EndProject
Project("{9A19103F-16F7-4668-BE54-9A1E7A4F7556}") = "Task3", "LabsOrg\Lesson11\Task3\Task3.csproj", "{57FEAE0C-54EC-46C8-B339-7735676D5B44}"
EndProject
Project("{9A19103F-16F7-4668-BE54-9A1E7A4F7556}") = "Task4", "LabsOrg\Lesson11\Task4\Task4.csproj", "{EDF138D4-8CFD-475B-9C22-2E0472974B49}"
EndProject
Project("{9A19103F-16F7-4668-BE54-9A1E7A4F7556}") = "Task5", "LabsOrg\Lesson11\Task5\Task5.csproj", "{4C7E9237-38F6-4A8B-B408-6D56ADF309A2}"
EndProject
Project("{9A19103F-16F7-4668-BE54-9A1E7A4F7556}") = "Task6", "LabsOrg\Lesson11\Task6\Task6.csproj", "{C59C013C-2C48-4120-B218-5E6FEE36310D}"
EndProject
Project("{2150E333-8FDC-42A3-9474-1A3956D46DE8}") = "Lesson12", "Lesson12", "{647DEE9B-ACFA-4A74-9870-A6432E8ADE32}"
EndProject
Project("{9A19103F-16F7-4668-BE54-9A1E7A4F7556}") = "Lesson12.1", "CodeBlog\Lesson12.1\Lesson12.1.csproj", "{2AA1F1BD-2D2F-4BF4-A862-41ADFA6FD030}"
EndProject
Project("{2150E333-8FDC-42A3-9474-1A3956D46DE8}") = "Lesson13", "Lesson13", "{8EA2520B-AAB7-492C-8444-4FF8E1424BE4}"
EndProject
Project("{2150E333-8FDC-42A3-9474-1A3956D46DE8}") = "Lesson14", "Lesson14", "{4901961A-9D65-4B72-A2D2-E69905FC742C}"
EndProject
Project("{9A19103F-16F7-4668-BE54-9A1E7A4F7556}") = "Lesson13.1", "CodeBlog\Lesson13.1\Lesson13.1.csproj", "{6A214F63-9A00-48F2-BA87-B2E268E3A183}"
EndProject
Project("{9A19103F-16F7-4668-BE54-9A1E7A4F7556}") = "Lesson14.1", "CodeBlog\Lesson14.1\Lesson14.1.csproj", "{5C419DC1-671F-4873-B525-DC6570605EC3}"
EndProject
Project("{2150E333-8FDC-42A3-9474-1A3956D46DE8}") = "Lesson12", "Lesson12", "{D90717EE-C12F-4694-A954-0E6AB73F34EE}"
EndProject
Project("{9A19103F-16F7-4668-BE54-9A1E7A4F7556}") = "Task1", "LabsOrg\Lesson12\Task1\Task1.csproj", "{D7EDB582-18C8-46F7-AF80-A22B121044E6}"
EndProject
Project("{9A19103F-16F7-4668-BE54-9A1E7A4F7556}") = "Task2", "LabsOrg\Lesson12\Task2\Task2.csproj", "{959800ED-BDBE-41B1-9C62-96C16A881EF4}"
EndProject
Project("{2150E333-8FDC-42A3-9474-1A3956D46DE8}") = "Lesson14", "Lesson14", "{7AADF291-F941-44F0-A0A4-93C36B77826B}"
EndProject
Project("{9A19103F-16F7-4668-BE54-9A1E7A4F7556}") = "Task1", "LabsOrg\Lesson14\Task1\Task1.csproj", "{F42B5CDA-D810-4E02-90D6-8B293F6F12E0}"
EndProject
Project("{9A19103F-16F7-4668-BE54-9A1E7A4F7556}") = "Task2", "LabsOrg\Lesson14\Task2\Task2.csproj", "{72908197-019C-4A32-8E31-6AC8D148A3A2}"
EndProject
Project("{2150E333-8FDC-42A3-9474-1A3956D46DE8}") = "Lesson15", "Lesson15", "{8DFAE24C-7303-4897-8EC3-53B02794602E}"
EndProject
Project("{9A19103F-16F7-4668-BE54-9A1E7A4F7556}") = "Lesson15.1", "CodeBlog\Lesson15.1\Lesson15.1.csproj", "{24E5540C-B4BB-4A3D-9F2B-46D156F7A786}"
EndProject
Project("{9A19103F-16F7-4668-BE54-9A1E7A4F7556}") = "Lesson15.2", "CodeBlog\Lesson15.2\Lesson15.2.csproj", "{6D1002A2-503C-4EBB-B7C6-C2EDD9B16FB2}"
EndProject
Project("{2150E333-8FDC-42A3-9474-1A3956D46DE8}") = "ExtremeCode", "ExtremeCode", "{73DC29EA-79AB-46C5-9822-F8995BE88BA3}"
EndProject
Project("{2150E333-8FDC-42A3-9474-1A3956D46DE8}") = "Polymorphism", "Polymorphism", "{1E16FCC0-E281-4283-A956-46398F5F5882}"
EndProject
Project("{FAE04EC0-301F-11D3-BF4B-00C04F79EFBC}") = "SexShopEdit", "ExtremeCode\Polymorphism\polymorphismLesson-master\SexShopEdit.csproj", "{1A40AA19-34D5-4772-8B5F-017DB9C53A02}"
EndProject
Project("{FAE04EC0-301F-11D3-BF4B-00C04F79EFBC}") = "SexShopOriginal", "ExtremeCode\Polymorphism\polymorphismLesson-master-original\SexShopOriginal.csproj", "{B6574CE2-CD88-4D3A-B6EF-E7A7B87E28C5}"
EndProject
Project("{2150E333-8FDC-42A3-9474-1A3956D46DE8}") = "InterfacesPart2", "InterfacesPart2", "{1D84C317-E5CF-40E4-9359-24C002D77A3D}"
EndProject
Project("{FAE04EC0-301F-11D3-BF4B-00C04F79EFBC}") = "InterfacesPart2", "ExtremeCode\interfacesLesson-master\srcGood\InterfacesPart2.csproj", "{A0AB6E35-5327-45CE-BC30-8415AA107961}"
EndProject
Project("{FAE04EC0-301F-11D3-BF4B-00C04F79EFBC}") = "InterfacesPart2Bad", "ExtremeCode\interfacesLesson-master\srcBad\InterfacesPart2Bad.csproj", "{E69464B6-E8C6-4C1B-8432-6FB2CBD7C499}"
EndProject
Project("{2150E333-8FDC-42A3-9474-1A3956D46DE8}") = "Lesson19", "Lesson19", "{B3A9D727-1F13-4471-B758-034CAC9D9508}"
EndProject
Project("{9A19103F-16F7-4668-BE54-9A1E7A4F7556}") = "Lesson19.1", "CodeBlog\Lesson19.1\Lesson19.1.csproj", "{2A935E33-5214-4B6E-8117-5F4DABB456A1}"
EndProject
Project("{2150E333-8FDC-42A3-9474-1A3956D46DE8}") = "Lesson20", "Lesson20", "{4A4780AE-0032-41C3-A470-932967895BD0}"
EndProject
Project("{9A19103F-16F7-4668-BE54-9A1E7A4F7556}") = "Lesson20.1", "CodeBlog\Lesson20.1\Lesson20.1.csproj", "{58C322EB-924B-4219-AFBC-36AB56FB2D74}"
EndProject
Project("{2150E333-8FDC-42A3-9474-1A3956D46DE8}") = "Lesson21", "Lesson21", "{2CDAB134-C033-4A98-A88C-52DDD1E4E321}"
EndProject
Project("{9A19103F-16F7-4668-BE54-9A1E7A4F7556}") = "Lesson21.1", "CodeBlog\Lesson21.1\Lesson21.1.csproj", "{9248427D-9125-406C-AEC7-096EF1D7473B}"
EndProject
Project("{2150E333-8FDC-42A3-9474-1A3956D46DE8}") = "Practice", "Practice", "{69C68D65-CA11-43E9-9606-8B34D18B3FAA}"
EndProject
Project("{9A19103F-16F7-4668-BE54-9A1E7A4F7556}") = "TaskForDatabaseFirst", "Practice\TaskForDatabaseFirst\TaskForDatabaseFirst.csproj", "{02E482E5-2E06-4763-9D13-1CE05EAFBD39}"
EndProject
Project("{9A19103F-16F7-4668-BE54-9A1E7A4F7556}") = "TaskForCodeFirst", "Practice\TaskForCodeFirst\TaskForCodeFirst.csproj", "{100794C3-DBA0-429C-A469-4228EAFC6886}"
EndProject
Project("{2150E333-8FDC-42A3-9474-1A3956D46DE8}") = "Lesson22", "Lesson22", "{5FB412B0-4C0C-4309-A548-C64D82161689}"
EndProject
Project("{9A19103F-16F7-4668-BE54-9A1E7A4F7556}") = "Lesson22.1", "CodeBlog\Lesson22.1\Lesson22.1.csproj", "{869039FD-DC80-42BE-B904-AC367A1B4777}"
EndProject
Project("{2150E333-8FDC-42A3-9474-1A3956D46DE8}") = "WinForms", "WinForms", "{738B3ED6-B44B-44B7-A8E2-EA94DF34FB1C}"
EndProject
Project("{2150E333-8FDC-42A3-9474-1A3956D46DE8}") = "Lesson1", "Lesson1", "{8A6E85B7-AE92-48E9-85D1-14A0F05AA639}"
EndProject
Project("{9A19103F-16F7-4668-BE54-9A1E7A4F7556}") = "WinFormsLab1", "WinForms\Lesson1\WinFormsLesson1\WinFormsLab1.csproj", "{682E4E2A-1529-46F3-9A38-EFE4B36C67C2}"
EndProject
Project("{9A19103F-16F7-4668-BE54-9A1E7A4F7556}") = "WinFormsTask1", "WinForms\Lesson1\WinFormsTask1\WinFormsTask1.csproj", "{C59C01D1-43C7-4BA7-B546-6101B7A23796}"
EndProject
Project("{2150E333-8FDC-42A3-9474-1A3956D46DE8}") = "Lesson2", "Lesson2", "{9BA1FC8A-334B-4FD5-B763-EDC167B5A1EE}"
EndProject
Project("{9A19103F-16F7-4668-BE54-9A1E7A4F7556}") = "WinFormsLesson2.1", "WinForms\Lesson2\WinFormsLesson2.1\WinFormsLesson2.1.csproj", "{DC812CFA-BEEA-473C-BD99-E9203F144E69}"
EndProject
Project("{2150E333-8FDC-42A3-9474-1A3956D46DE8}") = "Lesson3", "Lesson3", "{EA093F74-B874-4699-B0F7-737A254C7AF9}"
EndProject
Project("{9A19103F-16F7-4668-BE54-9A1E7A4F7556}") = "WinFormsLesson3lab1", "WinForms\Lesson3\WinFormsLesson3lab1\WinFormsLesson3lab1.csproj", "{E66C1458-35B6-4F0F-9DB3-6A5D2B581D4C}"
EndProject
Project("{9A19103F-16F7-4668-BE54-9A1E7A4F7556}") = "WinFormsLesson3lab2", "WinForms\Lesson3\WinFormsLesson3lab2\WinFormsLesson3lab2.csproj", "{ECA878FC-10AD-4971-AC5B-FEDCC3BD9DFC}"
EndProject
Project("{2150E333-8FDC-42A3-9474-1A3956D46DE8}") = "TaskForWinForms", "TaskForWinForms", "{18D199DE-B8FF-45D4-AAC1-4C4578ED636A}"
EndProject
Project("{9A19103F-16F7-4668-BE54-9A1E7A4F7556}") = "WinFormsTabControl", "Practice\TaskForWinForms\WinFormsTabControl\WinFormsTabControl.csproj", "{C2EB534A-111F-455C-A160-FB9CCBD523CB}"
EndProject
Project("{2150E333-8FDC-42A3-9474-1A3956D46DE8}") = "TaskForDatabase", "TaskForDatabase", "{EF08D18A-5BFD-4B6E-88BC-B951BFFE8DE6}"
EndProject
Project("{FAE04EC0-301F-11D3-BF4B-00C04F79EFBC}") = "FormCalculator", "Practice\TaskForWinForms\Calculator\FormCalculator\FormCalculator.csproj", "{82B4F606-C2CC-47B2-ADF3-594DB19219E5}"
EndProject
Project("{9A19103F-16F7-4668-BE54-9A1E7A4F7556}") = "ConsoleApp1", "Practice\TaskForWinForms\Calculator\ConsoleApp1\ConsoleApp1.csproj", "{0B3F4B9A-E94D-4C7D-9C7F-1352355FAA14}"
EndProject
Project("{FAE04EC0-301F-11D3-BF4B-00C04F79EFBC}") = "FormRGB", "Practice\TaskForWinForms\RGB\FormRGB\FormRGB.csproj", "{BA1B39FF-3E77-4F44-9E89-11A9A2BDCD68}"
EndProject
Project("{FAE04EC0-301F-11D3-BF4B-00C04F79EFBC}") = "FormMenu", "Practice\TaskForWinForms\Menu\FormMenu\FormMenu.csproj", "{367C9FFF-A5F1-49A5-9900-77E02D82A0A4}"
EndProject
Project("{2150E333-8FDC-42A3-9474-1A3956D46DE8}") = "Lesson23", "Lesson23", "{8F5F179E-05E0-4F15-B37B-AA45AA2F7459}"
EndProject
Project("{FAE04EC0-301F-11D3-BF4B-00C04F79EFBC}") = "Lesson23.1", "CodeBlog\Lesson23.1\Lesson23.1.csproj", "{EA7B69D0-0AC2-4CC6-87A3-3F2E5F51850E}"
EndProject
Project("{2150E333-8FDC-42A3-9474-1A3956D46DE8}") = "Lesson24", "Lesson24", "{D02F3228-1A6B-4EDC-9474-CF5C0F642317}"
EndProject
Project("{FAE04EC0-301F-11D3-BF4B-00C04F79EFBC}") = "Lesson24.1", "CodeBlog\Lesson24.1\Lesson24.1.csproj", "{5D6A9C18-CFE7-4123-9AEB-F95F25A23632}"
EndProject
Project("{2150E333-8FDC-42A3-9474-1A3956D46DE8}") = "Archiver", "Archiver", "{CB06C392-E47A-408B-AB7F-EDCAB11656F5}"
EndProject
Project("{FAE04EC0-301F-11D3-BF4B-00C04F79EFBC}") = "WindowsFormsControlLibraryArchiver", "Practice\Archiver\FormArchiver\WindowsFormsControlLibraryArchiver\WindowsFormsControlLibraryArchiver.csproj", "{263ECF23-BB52-4FE3-86FA-C50DAD21294E}"
EndProject
Project("{FAE04EC0-301F-11D3-BF4B-00C04F79EFBC}") = "ConsoleApp3", "ConsoleApp3\ConsoleApp3.csproj", "{B3C50B7B-DE76-4BB2-8257-32F61B916B47}"
EndProject
Global
	GlobalSection(SolutionConfigurationPlatforms) = preSolution
		Debug|Any CPU = Debug|Any CPU
		Release|Any CPU = Release|Any CPU
	EndGlobalSection
	GlobalSection(ProjectConfigurationPlatforms) = postSolution
		{2A9C0F7E-C24B-45FB-B50D-DA24BC2B0110}.Debug|Any CPU.ActiveCfg = Debug|Any CPU
		{2A9C0F7E-C24B-45FB-B50D-DA24BC2B0110}.Debug|Any CPU.Build.0 = Debug|Any CPU
		{2A9C0F7E-C24B-45FB-B50D-DA24BC2B0110}.Release|Any CPU.ActiveCfg = Release|Any CPU
		{2A9C0F7E-C24B-45FB-B50D-DA24BC2B0110}.Release|Any CPU.Build.0 = Release|Any CPU
		{DF51E591-6CC0-4823-B331-065C48C3695D}.Debug|Any CPU.ActiveCfg = Debug|Any CPU
		{DF51E591-6CC0-4823-B331-065C48C3695D}.Debug|Any CPU.Build.0 = Debug|Any CPU
		{DF51E591-6CC0-4823-B331-065C48C3695D}.Release|Any CPU.ActiveCfg = Release|Any CPU
		{DF51E591-6CC0-4823-B331-065C48C3695D}.Release|Any CPU.Build.0 = Release|Any CPU
		{EDD09DFD-9371-4891-927E-34F2292D54C3}.Debug|Any CPU.ActiveCfg = Debug|Any CPU
		{EDD09DFD-9371-4891-927E-34F2292D54C3}.Debug|Any CPU.Build.0 = Debug|Any CPU
		{EDD09DFD-9371-4891-927E-34F2292D54C3}.Release|Any CPU.ActiveCfg = Release|Any CPU
		{EDD09DFD-9371-4891-927E-34F2292D54C3}.Release|Any CPU.Build.0 = Release|Any CPU
		{EFD939D4-BB62-4C46-9217-21A9A4225198}.Debug|Any CPU.ActiveCfg = Debug|Any CPU
		{EFD939D4-BB62-4C46-9217-21A9A4225198}.Debug|Any CPU.Build.0 = Debug|Any CPU
		{EFD939D4-BB62-4C46-9217-21A9A4225198}.Release|Any CPU.ActiveCfg = Release|Any CPU
		{EFD939D4-BB62-4C46-9217-21A9A4225198}.Release|Any CPU.Build.0 = Release|Any CPU
		{922BFEBB-C50A-42C4-97BB-2C208EA24B00}.Debug|Any CPU.ActiveCfg = Debug|Any CPU
		{922BFEBB-C50A-42C4-97BB-2C208EA24B00}.Debug|Any CPU.Build.0 = Debug|Any CPU
		{922BFEBB-C50A-42C4-97BB-2C208EA24B00}.Release|Any CPU.ActiveCfg = Release|Any CPU
		{922BFEBB-C50A-42C4-97BB-2C208EA24B00}.Release|Any CPU.Build.0 = Release|Any CPU
		{826033BC-AAE2-4542-9A2F-DBF12FA3A719}.Debug|Any CPU.ActiveCfg = Debug|Any CPU
		{826033BC-AAE2-4542-9A2F-DBF12FA3A719}.Debug|Any CPU.Build.0 = Debug|Any CPU
		{826033BC-AAE2-4542-9A2F-DBF12FA3A719}.Release|Any CPU.ActiveCfg = Release|Any CPU
		{826033BC-AAE2-4542-9A2F-DBF12FA3A719}.Release|Any CPU.Build.0 = Release|Any CPU
		{77FF7A27-1F31-4673-9BB3-176FF71668BF}.Debug|Any CPU.ActiveCfg = Debug|Any CPU
		{77FF7A27-1F31-4673-9BB3-176FF71668BF}.Debug|Any CPU.Build.0 = Debug|Any CPU
		{77FF7A27-1F31-4673-9BB3-176FF71668BF}.Release|Any CPU.ActiveCfg = Release|Any CPU
		{77FF7A27-1F31-4673-9BB3-176FF71668BF}.Release|Any CPU.Build.0 = Release|Any CPU
		{6A887139-54F2-4CF4-9B6A-25C87F8FB9AF}.Debug|Any CPU.ActiveCfg = Debug|Any CPU
		{6A887139-54F2-4CF4-9B6A-25C87F8FB9AF}.Debug|Any CPU.Build.0 = Debug|Any CPU
		{6A887139-54F2-4CF4-9B6A-25C87F8FB9AF}.Release|Any CPU.ActiveCfg = Release|Any CPU
		{6A887139-54F2-4CF4-9B6A-25C87F8FB9AF}.Release|Any CPU.Build.0 = Release|Any CPU
		{9FA0D0B5-FE97-4C09-9E85-725834E3222F}.Debug|Any CPU.ActiveCfg = Debug|Any CPU
		{9FA0D0B5-FE97-4C09-9E85-725834E3222F}.Debug|Any CPU.Build.0 = Debug|Any CPU
		{9FA0D0B5-FE97-4C09-9E85-725834E3222F}.Release|Any CPU.ActiveCfg = Release|Any CPU
		{9FA0D0B5-FE97-4C09-9E85-725834E3222F}.Release|Any CPU.Build.0 = Release|Any CPU
		{405ADD1F-FFA5-458C-97AF-E3BA48AF70B0}.Debug|Any CPU.ActiveCfg = Debug|Any CPU
		{405ADD1F-FFA5-458C-97AF-E3BA48AF70B0}.Debug|Any CPU.Build.0 = Debug|Any CPU
		{405ADD1F-FFA5-458C-97AF-E3BA48AF70B0}.Release|Any CPU.ActiveCfg = Release|Any CPU
		{405ADD1F-FFA5-458C-97AF-E3BA48AF70B0}.Release|Any CPU.Build.0 = Release|Any CPU
		{CBC1AB51-5C4E-4719-8497-27E3266F7136}.Debug|Any CPU.ActiveCfg = Debug|Any CPU
		{CBC1AB51-5C4E-4719-8497-27E3266F7136}.Debug|Any CPU.Build.0 = Debug|Any CPU
		{CBC1AB51-5C4E-4719-8497-27E3266F7136}.Release|Any CPU.ActiveCfg = Release|Any CPU
		{CBC1AB51-5C4E-4719-8497-27E3266F7136}.Release|Any CPU.Build.0 = Release|Any CPU
		{8932FE0D-FC32-4BF9-AF29-103360241EDB}.Debug|Any CPU.ActiveCfg = Debug|Any CPU
		{8932FE0D-FC32-4BF9-AF29-103360241EDB}.Debug|Any CPU.Build.0 = Debug|Any CPU
		{8932FE0D-FC32-4BF9-AF29-103360241EDB}.Release|Any CPU.ActiveCfg = Release|Any CPU
		{8932FE0D-FC32-4BF9-AF29-103360241EDB}.Release|Any CPU.Build.0 = Release|Any CPU
		{EA343138-6944-4EFC-893D-706F2DB3FEB1}.Debug|Any CPU.ActiveCfg = Debug|Any CPU
		{EA343138-6944-4EFC-893D-706F2DB3FEB1}.Debug|Any CPU.Build.0 = Debug|Any CPU
		{EA343138-6944-4EFC-893D-706F2DB3FEB1}.Release|Any CPU.ActiveCfg = Release|Any CPU
		{EA343138-6944-4EFC-893D-706F2DB3FEB1}.Release|Any CPU.Build.0 = Release|Any CPU
		{8C770E81-FC8C-49D3-9E4F-094049C465A0}.Debug|Any CPU.ActiveCfg = Debug|Any CPU
		{8C770E81-FC8C-49D3-9E4F-094049C465A0}.Debug|Any CPU.Build.0 = Debug|Any CPU
		{8C770E81-FC8C-49D3-9E4F-094049C465A0}.Release|Any CPU.ActiveCfg = Release|Any CPU
		{8C770E81-FC8C-49D3-9E4F-094049C465A0}.Release|Any CPU.Build.0 = Release|Any CPU
		{F3F305FC-C1CE-41E9-AB45-044241C4948A}.Debug|Any CPU.ActiveCfg = Debug|Any CPU
		{F3F305FC-C1CE-41E9-AB45-044241C4948A}.Debug|Any CPU.Build.0 = Debug|Any CPU
		{F3F305FC-C1CE-41E9-AB45-044241C4948A}.Release|Any CPU.ActiveCfg = Release|Any CPU
		{F3F305FC-C1CE-41E9-AB45-044241C4948A}.Release|Any CPU.Build.0 = Release|Any CPU
		{3C89A687-D12C-4B26-B21B-F861F4B2389F}.Debug|Any CPU.ActiveCfg = Debug|Any CPU
		{3C89A687-D12C-4B26-B21B-F861F4B2389F}.Debug|Any CPU.Build.0 = Debug|Any CPU
		{3C89A687-D12C-4B26-B21B-F861F4B2389F}.Release|Any CPU.ActiveCfg = Release|Any CPU
		{3C89A687-D12C-4B26-B21B-F861F4B2389F}.Release|Any CPU.Build.0 = Release|Any CPU
		{684F45AA-D87D-45E8-9FAD-5AEFAC0A4B72}.Debug|Any CPU.ActiveCfg = Debug|Any CPU
		{684F45AA-D87D-45E8-9FAD-5AEFAC0A4B72}.Debug|Any CPU.Build.0 = Debug|Any CPU
		{684F45AA-D87D-45E8-9FAD-5AEFAC0A4B72}.Release|Any CPU.ActiveCfg = Release|Any CPU
		{684F45AA-D87D-45E8-9FAD-5AEFAC0A4B72}.Release|Any CPU.Build.0 = Release|Any CPU
		{ABE40525-B59C-4130-B3E3-7C3851E4DE0A}.Debug|Any CPU.ActiveCfg = Debug|Any CPU
		{ABE40525-B59C-4130-B3E3-7C3851E4DE0A}.Debug|Any CPU.Build.0 = Debug|Any CPU
		{ABE40525-B59C-4130-B3E3-7C3851E4DE0A}.Release|Any CPU.ActiveCfg = Release|Any CPU
		{ABE40525-B59C-4130-B3E3-7C3851E4DE0A}.Release|Any CPU.Build.0 = Release|Any CPU
		{06306A47-C9F2-4D05-B28D-2021348442B7}.Debug|Any CPU.ActiveCfg = Debug|Any CPU
		{06306A47-C9F2-4D05-B28D-2021348442B7}.Debug|Any CPU.Build.0 = Debug|Any CPU
		{06306A47-C9F2-4D05-B28D-2021348442B7}.Release|Any CPU.ActiveCfg = Release|Any CPU
		{06306A47-C9F2-4D05-B28D-2021348442B7}.Release|Any CPU.Build.0 = Release|Any CPU
		{3411F9CE-1E01-437D-B63C-A532E6EEEA80}.Debug|Any CPU.ActiveCfg = Debug|Any CPU
		{3411F9CE-1E01-437D-B63C-A532E6EEEA80}.Debug|Any CPU.Build.0 = Debug|Any CPU
		{3411F9CE-1E01-437D-B63C-A532E6EEEA80}.Release|Any CPU.ActiveCfg = Release|Any CPU
		{3411F9CE-1E01-437D-B63C-A532E6EEEA80}.Release|Any CPU.Build.0 = Release|Any CPU
		{562D3B05-A213-49E4-A447-6F645553A544}.Debug|Any CPU.ActiveCfg = Debug|Any CPU
		{562D3B05-A213-49E4-A447-6F645553A544}.Debug|Any CPU.Build.0 = Debug|Any CPU
		{562D3B05-A213-49E4-A447-6F645553A544}.Release|Any CPU.ActiveCfg = Release|Any CPU
		{562D3B05-A213-49E4-A447-6F645553A544}.Release|Any CPU.Build.0 = Release|Any CPU
		{C22CD308-646E-4140-ADEF-DD8CB0DC11D1}.Debug|Any CPU.ActiveCfg = Debug|Any CPU
		{C22CD308-646E-4140-ADEF-DD8CB0DC11D1}.Debug|Any CPU.Build.0 = Debug|Any CPU
		{C22CD308-646E-4140-ADEF-DD8CB0DC11D1}.Release|Any CPU.ActiveCfg = Release|Any CPU
		{C22CD308-646E-4140-ADEF-DD8CB0DC11D1}.Release|Any CPU.Build.0 = Release|Any CPU
		{34E1D037-9751-4965-BAB9-F95D655AD0AB}.Debug|Any CPU.ActiveCfg = Debug|Any CPU
		{34E1D037-9751-4965-BAB9-F95D655AD0AB}.Debug|Any CPU.Build.0 = Debug|Any CPU
		{34E1D037-9751-4965-BAB9-F95D655AD0AB}.Release|Any CPU.ActiveCfg = Release|Any CPU
		{34E1D037-9751-4965-BAB9-F95D655AD0AB}.Release|Any CPU.Build.0 = Release|Any CPU
		{0729A439-7C31-4B00-A649-387D1D940618}.Debug|Any CPU.ActiveCfg = Debug|Any CPU
		{0729A439-7C31-4B00-A649-387D1D940618}.Debug|Any CPU.Build.0 = Debug|Any CPU
		{0729A439-7C31-4B00-A649-387D1D940618}.Release|Any CPU.ActiveCfg = Release|Any CPU
		{0729A439-7C31-4B00-A649-387D1D940618}.Release|Any CPU.Build.0 = Release|Any CPU
		{310ECEA5-E1E5-4563-A988-30643BB48967}.Debug|Any CPU.ActiveCfg = Debug|Any CPU
		{310ECEA5-E1E5-4563-A988-30643BB48967}.Debug|Any CPU.Build.0 = Debug|Any CPU
		{310ECEA5-E1E5-4563-A988-30643BB48967}.Release|Any CPU.ActiveCfg = Release|Any CPU
		{310ECEA5-E1E5-4563-A988-30643BB48967}.Release|Any CPU.Build.0 = Release|Any CPU
		{E60F5E5C-6813-430C-A58D-FD1062FB6F67}.Debug|Any CPU.ActiveCfg = Debug|Any CPU
		{E60F5E5C-6813-430C-A58D-FD1062FB6F67}.Debug|Any CPU.Build.0 = Debug|Any CPU
		{E60F5E5C-6813-430C-A58D-FD1062FB6F67}.Release|Any CPU.ActiveCfg = Release|Any CPU
		{E60F5E5C-6813-430C-A58D-FD1062FB6F67}.Release|Any CPU.Build.0 = Release|Any CPU
		{90CCFB87-626A-4E29-B78D-98B47E4121D4}.Debug|Any CPU.ActiveCfg = Debug|Any CPU
		{90CCFB87-626A-4E29-B78D-98B47E4121D4}.Debug|Any CPU.Build.0 = Debug|Any CPU
		{90CCFB87-626A-4E29-B78D-98B47E4121D4}.Release|Any CPU.ActiveCfg = Release|Any CPU
		{90CCFB87-626A-4E29-B78D-98B47E4121D4}.Release|Any CPU.Build.0 = Release|Any CPU
		{2D6577FB-0399-4F49-920C-D606A8AA547D}.Debug|Any CPU.ActiveCfg = Debug|Any CPU
		{2D6577FB-0399-4F49-920C-D606A8AA547D}.Debug|Any CPU.Build.0 = Debug|Any CPU
		{2D6577FB-0399-4F49-920C-D606A8AA547D}.Release|Any CPU.ActiveCfg = Release|Any CPU
		{2D6577FB-0399-4F49-920C-D606A8AA547D}.Release|Any CPU.Build.0 = Release|Any CPU
		{33DD211E-02BD-4525-B54F-4673C048640A}.Debug|Any CPU.ActiveCfg = Debug|Any CPU
		{33DD211E-02BD-4525-B54F-4673C048640A}.Debug|Any CPU.Build.0 = Debug|Any CPU
		{33DD211E-02BD-4525-B54F-4673C048640A}.Release|Any CPU.ActiveCfg = Release|Any CPU
		{33DD211E-02BD-4525-B54F-4673C048640A}.Release|Any CPU.Build.0 = Release|Any CPU
		{1558DA7E-2B1F-4253-B74A-E650410F4F96}.Debug|Any CPU.ActiveCfg = Debug|Any CPU
		{1558DA7E-2B1F-4253-B74A-E650410F4F96}.Debug|Any CPU.Build.0 = Debug|Any CPU
		{1558DA7E-2B1F-4253-B74A-E650410F4F96}.Release|Any CPU.ActiveCfg = Release|Any CPU
		{1558DA7E-2B1F-4253-B74A-E650410F4F96}.Release|Any CPU.Build.0 = Release|Any CPU
		{FF733FD7-19BD-4790-9CF1-666FA0A63578}.Debug|Any CPU.ActiveCfg = Debug|Any CPU
		{FF733FD7-19BD-4790-9CF1-666FA0A63578}.Debug|Any CPU.Build.0 = Debug|Any CPU
		{FF733FD7-19BD-4790-9CF1-666FA0A63578}.Release|Any CPU.ActiveCfg = Release|Any CPU
		{FF733FD7-19BD-4790-9CF1-666FA0A63578}.Release|Any CPU.Build.0 = Release|Any CPU
		{A17D8ECA-C8AD-443E-9615-793E008D903E}.Debug|Any CPU.ActiveCfg = Debug|Any CPU
		{A17D8ECA-C8AD-443E-9615-793E008D903E}.Debug|Any CPU.Build.0 = Debug|Any CPU
		{A17D8ECA-C8AD-443E-9615-793E008D903E}.Release|Any CPU.ActiveCfg = Release|Any CPU
		{A17D8ECA-C8AD-443E-9615-793E008D903E}.Release|Any CPU.Build.0 = Release|Any CPU
		{ED20E0EA-B3D6-4CB9-BC35-81CC17FD3061}.Debug|Any CPU.ActiveCfg = Debug|Any CPU
		{ED20E0EA-B3D6-4CB9-BC35-81CC17FD3061}.Debug|Any CPU.Build.0 = Debug|Any CPU
		{ED20E0EA-B3D6-4CB9-BC35-81CC17FD3061}.Release|Any CPU.ActiveCfg = Release|Any CPU
		{ED20E0EA-B3D6-4CB9-BC35-81CC17FD3061}.Release|Any CPU.Build.0 = Release|Any CPU
		{6AADFED1-069B-45ED-87E9-C98780904E78}.Debug|Any CPU.ActiveCfg = Debug|Any CPU
		{6AADFED1-069B-45ED-87E9-C98780904E78}.Debug|Any CPU.Build.0 = Debug|Any CPU
		{6AADFED1-069B-45ED-87E9-C98780904E78}.Release|Any CPU.ActiveCfg = Release|Any CPU
		{6AADFED1-069B-45ED-87E9-C98780904E78}.Release|Any CPU.Build.0 = Release|Any CPU
		{BBA67BA7-8D61-4578-B8D6-82EEB1E2BA5B}.Debug|Any CPU.ActiveCfg = Debug|Any CPU
		{BBA67BA7-8D61-4578-B8D6-82EEB1E2BA5B}.Debug|Any CPU.Build.0 = Debug|Any CPU
		{BBA67BA7-8D61-4578-B8D6-82EEB1E2BA5B}.Release|Any CPU.ActiveCfg = Release|Any CPU
		{BBA67BA7-8D61-4578-B8D6-82EEB1E2BA5B}.Release|Any CPU.Build.0 = Release|Any CPU
		{D24E5876-D733-4DD6-A501-F7C51B21196D}.Debug|Any CPU.ActiveCfg = Debug|Any CPU
		{D24E5876-D733-4DD6-A501-F7C51B21196D}.Debug|Any CPU.Build.0 = Debug|Any CPU
		{D24E5876-D733-4DD6-A501-F7C51B21196D}.Release|Any CPU.ActiveCfg = Release|Any CPU
		{D24E5876-D733-4DD6-A501-F7C51B21196D}.Release|Any CPU.Build.0 = Release|Any CPU
		{7B18B969-DCF2-4828-B7C6-3EA90FE33DCE}.Debug|Any CPU.ActiveCfg = Debug|Any CPU
		{7B18B969-DCF2-4828-B7C6-3EA90FE33DCE}.Debug|Any CPU.Build.0 = Debug|Any CPU
		{7B18B969-DCF2-4828-B7C6-3EA90FE33DCE}.Release|Any CPU.ActiveCfg = Release|Any CPU
		{7B18B969-DCF2-4828-B7C6-3EA90FE33DCE}.Release|Any CPU.Build.0 = Release|Any CPU
		{F910C3CB-E1EC-484B-BB62-8823FEDA9098}.Debug|Any CPU.ActiveCfg = Debug|Any CPU
		{F910C3CB-E1EC-484B-BB62-8823FEDA9098}.Debug|Any CPU.Build.0 = Debug|Any CPU
		{F910C3CB-E1EC-484B-BB62-8823FEDA9098}.Release|Any CPU.ActiveCfg = Release|Any CPU
		{F910C3CB-E1EC-484B-BB62-8823FEDA9098}.Release|Any CPU.Build.0 = Release|Any CPU
		{2F0CA6B4-5094-40E6-B5DB-14DB47617154}.Debug|Any CPU.ActiveCfg = Debug|Any CPU
		{2F0CA6B4-5094-40E6-B5DB-14DB47617154}.Debug|Any CPU.Build.0 = Debug|Any CPU
		{2F0CA6B4-5094-40E6-B5DB-14DB47617154}.Release|Any CPU.ActiveCfg = Release|Any CPU
		{2F0CA6B4-5094-40E6-B5DB-14DB47617154}.Release|Any CPU.Build.0 = Release|Any CPU
		{B9E225BD-CD95-48CC-8DFD-9A3C100C0C46}.Debug|Any CPU.ActiveCfg = Debug|Any CPU
		{B9E225BD-CD95-48CC-8DFD-9A3C100C0C46}.Debug|Any CPU.Build.0 = Debug|Any CPU
		{B9E225BD-CD95-48CC-8DFD-9A3C100C0C46}.Release|Any CPU.ActiveCfg = Release|Any CPU
		{B9E225BD-CD95-48CC-8DFD-9A3C100C0C46}.Release|Any CPU.Build.0 = Release|Any CPU
		{0530F83D-2D0A-4307-AB45-A228A8C9C3CC}.Debug|Any CPU.ActiveCfg = Debug|Any CPU
		{0530F83D-2D0A-4307-AB45-A228A8C9C3CC}.Debug|Any CPU.Build.0 = Debug|Any CPU
		{0530F83D-2D0A-4307-AB45-A228A8C9C3CC}.Release|Any CPU.ActiveCfg = Release|Any CPU
		{0530F83D-2D0A-4307-AB45-A228A8C9C3CC}.Release|Any CPU.Build.0 = Release|Any CPU
		{7DF3E3CF-1BA0-4D90-B55C-273B98265441}.Debug|Any CPU.ActiveCfg = Debug|Any CPU
		{7DF3E3CF-1BA0-4D90-B55C-273B98265441}.Debug|Any CPU.Build.0 = Debug|Any CPU
		{7DF3E3CF-1BA0-4D90-B55C-273B98265441}.Release|Any CPU.ActiveCfg = Release|Any CPU
		{7DF3E3CF-1BA0-4D90-B55C-273B98265441}.Release|Any CPU.Build.0 = Release|Any CPU
		{B8E1B0CA-59EF-4E9D-96F1-8D70BB2A9BBD}.Debug|Any CPU.ActiveCfg = Debug|Any CPU
		{B8E1B0CA-59EF-4E9D-96F1-8D70BB2A9BBD}.Debug|Any CPU.Build.0 = Debug|Any CPU
		{B8E1B0CA-59EF-4E9D-96F1-8D70BB2A9BBD}.Release|Any CPU.ActiveCfg = Release|Any CPU
		{B8E1B0CA-59EF-4E9D-96F1-8D70BB2A9BBD}.Release|Any CPU.Build.0 = Release|Any CPU
		{12EE8426-F770-4E0E-ABA8-28440739222E}.Debug|Any CPU.ActiveCfg = Debug|Any CPU
		{12EE8426-F770-4E0E-ABA8-28440739222E}.Debug|Any CPU.Build.0 = Debug|Any CPU
		{12EE8426-F770-4E0E-ABA8-28440739222E}.Release|Any CPU.ActiveCfg = Release|Any CPU
		{12EE8426-F770-4E0E-ABA8-28440739222E}.Release|Any CPU.Build.0 = Release|Any CPU
		{E8DFD8F6-272E-487F-B46B-433AB340861C}.Debug|Any CPU.ActiveCfg = Debug|Any CPU
		{E8DFD8F6-272E-487F-B46B-433AB340861C}.Debug|Any CPU.Build.0 = Debug|Any CPU
		{E8DFD8F6-272E-487F-B46B-433AB340861C}.Release|Any CPU.ActiveCfg = Release|Any CPU
		{E8DFD8F6-272E-487F-B46B-433AB340861C}.Release|Any CPU.Build.0 = Release|Any CPU
		{E191B0DB-EA2F-4E62-A9E9-3DDBE06BBF21}.Debug|Any CPU.ActiveCfg = Debug|Any CPU
		{E191B0DB-EA2F-4E62-A9E9-3DDBE06BBF21}.Debug|Any CPU.Build.0 = Debug|Any CPU
		{E191B0DB-EA2F-4E62-A9E9-3DDBE06BBF21}.Release|Any CPU.ActiveCfg = Release|Any CPU
		{E191B0DB-EA2F-4E62-A9E9-3DDBE06BBF21}.Release|Any CPU.Build.0 = Release|Any CPU
		{EBF7AC4E-B64D-4E3D-8773-9C5FF7C18756}.Debug|Any CPU.ActiveCfg = Debug|Any CPU
		{EBF7AC4E-B64D-4E3D-8773-9C5FF7C18756}.Debug|Any CPU.Build.0 = Debug|Any CPU
		{EBF7AC4E-B64D-4E3D-8773-9C5FF7C18756}.Release|Any CPU.ActiveCfg = Release|Any CPU
		{EBF7AC4E-B64D-4E3D-8773-9C5FF7C18756}.Release|Any CPU.Build.0 = Release|Any CPU
		{97E08274-F52D-4EF2-8911-BD425A95347B}.Debug|Any CPU.ActiveCfg = Debug|Any CPU
		{97E08274-F52D-4EF2-8911-BD425A95347B}.Debug|Any CPU.Build.0 = Debug|Any CPU
		{97E08274-F52D-4EF2-8911-BD425A95347B}.Release|Any CPU.ActiveCfg = Release|Any CPU
		{97E08274-F52D-4EF2-8911-BD425A95347B}.Release|Any CPU.Build.0 = Release|Any CPU
		{2CE9B036-2344-47D4-96D3-E991A2901970}.Debug|Any CPU.ActiveCfg = Debug|Any CPU
		{2CE9B036-2344-47D4-96D3-E991A2901970}.Debug|Any CPU.Build.0 = Debug|Any CPU
		{2CE9B036-2344-47D4-96D3-E991A2901970}.Release|Any CPU.ActiveCfg = Release|Any CPU
		{2CE9B036-2344-47D4-96D3-E991A2901970}.Release|Any CPU.Build.0 = Release|Any CPU
		{8E1AEAAE-1656-4A54-B2B6-91CF5E79EFEB}.Debug|Any CPU.ActiveCfg = Debug|Any CPU
		{8E1AEAAE-1656-4A54-B2B6-91CF5E79EFEB}.Debug|Any CPU.Build.0 = Debug|Any CPU
		{8E1AEAAE-1656-4A54-B2B6-91CF5E79EFEB}.Release|Any CPU.ActiveCfg = Release|Any CPU
		{8E1AEAAE-1656-4A54-B2B6-91CF5E79EFEB}.Release|Any CPU.Build.0 = Release|Any CPU
		{992B9A4D-0715-434E-93A0-03F80265F6A0}.Debug|Any CPU.ActiveCfg = Debug|Any CPU
		{992B9A4D-0715-434E-93A0-03F80265F6A0}.Debug|Any CPU.Build.0 = Debug|Any CPU
		{992B9A4D-0715-434E-93A0-03F80265F6A0}.Release|Any CPU.ActiveCfg = Release|Any CPU
		{992B9A4D-0715-434E-93A0-03F80265F6A0}.Release|Any CPU.Build.0 = Release|Any CPU
		{52B53E42-90D6-4AEA-BFCE-E9C28F8CFB9F}.Debug|Any CPU.ActiveCfg = Debug|Any CPU
		{52B53E42-90D6-4AEA-BFCE-E9C28F8CFB9F}.Debug|Any CPU.Build.0 = Debug|Any CPU
		{52B53E42-90D6-4AEA-BFCE-E9C28F8CFB9F}.Release|Any CPU.ActiveCfg = Release|Any CPU
		{52B53E42-90D6-4AEA-BFCE-E9C28F8CFB9F}.Release|Any CPU.Build.0 = Release|Any CPU
		{C231B540-9FB2-49AF-8488-75289329B473}.Debug|Any CPU.ActiveCfg = Debug|Any CPU
		{C231B540-9FB2-49AF-8488-75289329B473}.Debug|Any CPU.Build.0 = Debug|Any CPU
		{C231B540-9FB2-49AF-8488-75289329B473}.Release|Any CPU.ActiveCfg = Release|Any CPU
		{C231B540-9FB2-49AF-8488-75289329B473}.Release|Any CPU.Build.0 = Release|Any CPU
		{63BE600A-843B-4788-9E3F-901FF8BF3F4D}.Debug|Any CPU.ActiveCfg = Debug|Any CPU
		{63BE600A-843B-4788-9E3F-901FF8BF3F4D}.Debug|Any CPU.Build.0 = Debug|Any CPU
		{63BE600A-843B-4788-9E3F-901FF8BF3F4D}.Release|Any CPU.ActiveCfg = Release|Any CPU
		{63BE600A-843B-4788-9E3F-901FF8BF3F4D}.Release|Any CPU.Build.0 = Release|Any CPU
		{598AC126-F2D6-4CA5-942A-6E120EE76487}.Debug|Any CPU.ActiveCfg = Debug|Any CPU
		{598AC126-F2D6-4CA5-942A-6E120EE76487}.Debug|Any CPU.Build.0 = Debug|Any CPU
		{598AC126-F2D6-4CA5-942A-6E120EE76487}.Release|Any CPU.ActiveCfg = Release|Any CPU
		{598AC126-F2D6-4CA5-942A-6E120EE76487}.Release|Any CPU.Build.0 = Release|Any CPU
		{57FEAE0C-54EC-46C8-B339-7735676D5B44}.Debug|Any CPU.ActiveCfg = Debug|Any CPU
		{57FEAE0C-54EC-46C8-B339-7735676D5B44}.Debug|Any CPU.Build.0 = Debug|Any CPU
		{57FEAE0C-54EC-46C8-B339-7735676D5B44}.Release|Any CPU.ActiveCfg = Release|Any CPU
		{57FEAE0C-54EC-46C8-B339-7735676D5B44}.Release|Any CPU.Build.0 = Release|Any CPU
		{EDF138D4-8CFD-475B-9C22-2E0472974B49}.Debug|Any CPU.ActiveCfg = Debug|Any CPU
		{EDF138D4-8CFD-475B-9C22-2E0472974B49}.Debug|Any CPU.Build.0 = Debug|Any CPU
		{EDF138D4-8CFD-475B-9C22-2E0472974B49}.Release|Any CPU.ActiveCfg = Release|Any CPU
		{EDF138D4-8CFD-475B-9C22-2E0472974B49}.Release|Any CPU.Build.0 = Release|Any CPU
		{4C7E9237-38F6-4A8B-B408-6D56ADF309A2}.Debug|Any CPU.ActiveCfg = Debug|Any CPU
		{4C7E9237-38F6-4A8B-B408-6D56ADF309A2}.Debug|Any CPU.Build.0 = Debug|Any CPU
		{4C7E9237-38F6-4A8B-B408-6D56ADF309A2}.Release|Any CPU.ActiveCfg = Release|Any CPU
		{4C7E9237-38F6-4A8B-B408-6D56ADF309A2}.Release|Any CPU.Build.0 = Release|Any CPU
		{C59C013C-2C48-4120-B218-5E6FEE36310D}.Debug|Any CPU.ActiveCfg = Debug|Any CPU
		{C59C013C-2C48-4120-B218-5E6FEE36310D}.Debug|Any CPU.Build.0 = Debug|Any CPU
		{C59C013C-2C48-4120-B218-5E6FEE36310D}.Release|Any CPU.ActiveCfg = Release|Any CPU
		{C59C013C-2C48-4120-B218-5E6FEE36310D}.Release|Any CPU.Build.0 = Release|Any CPU
		{2AA1F1BD-2D2F-4BF4-A862-41ADFA6FD030}.Debug|Any CPU.ActiveCfg = Debug|Any CPU
		{2AA1F1BD-2D2F-4BF4-A862-41ADFA6FD030}.Debug|Any CPU.Build.0 = Debug|Any CPU
		{2AA1F1BD-2D2F-4BF4-A862-41ADFA6FD030}.Release|Any CPU.ActiveCfg = Release|Any CPU
		{2AA1F1BD-2D2F-4BF4-A862-41ADFA6FD030}.Release|Any CPU.Build.0 = Release|Any CPU
		{6A214F63-9A00-48F2-BA87-B2E268E3A183}.Debug|Any CPU.ActiveCfg = Debug|Any CPU
		{6A214F63-9A00-48F2-BA87-B2E268E3A183}.Debug|Any CPU.Build.0 = Debug|Any CPU
		{6A214F63-9A00-48F2-BA87-B2E268E3A183}.Release|Any CPU.ActiveCfg = Release|Any CPU
		{6A214F63-9A00-48F2-BA87-B2E268E3A183}.Release|Any CPU.Build.0 = Release|Any CPU
		{5C419DC1-671F-4873-B525-DC6570605EC3}.Debug|Any CPU.ActiveCfg = Debug|Any CPU
		{5C419DC1-671F-4873-B525-DC6570605EC3}.Debug|Any CPU.Build.0 = Debug|Any CPU
		{5C419DC1-671F-4873-B525-DC6570605EC3}.Release|Any CPU.ActiveCfg = Release|Any CPU
		{5C419DC1-671F-4873-B525-DC6570605EC3}.Release|Any CPU.Build.0 = Release|Any CPU
		{D7EDB582-18C8-46F7-AF80-A22B121044E6}.Debug|Any CPU.ActiveCfg = Debug|Any CPU
		{D7EDB582-18C8-46F7-AF80-A22B121044E6}.Debug|Any CPU.Build.0 = Debug|Any CPU
		{D7EDB582-18C8-46F7-AF80-A22B121044E6}.Release|Any CPU.ActiveCfg = Release|Any CPU
		{D7EDB582-18C8-46F7-AF80-A22B121044E6}.Release|Any CPU.Build.0 = Release|Any CPU
		{959800ED-BDBE-41B1-9C62-96C16A881EF4}.Debug|Any CPU.ActiveCfg = Debug|Any CPU
		{959800ED-BDBE-41B1-9C62-96C16A881EF4}.Debug|Any CPU.Build.0 = Debug|Any CPU
		{959800ED-BDBE-41B1-9C62-96C16A881EF4}.Release|Any CPU.ActiveCfg = Release|Any CPU
		{959800ED-BDBE-41B1-9C62-96C16A881EF4}.Release|Any CPU.Build.0 = Release|Any CPU
		{F42B5CDA-D810-4E02-90D6-8B293F6F12E0}.Debug|Any CPU.ActiveCfg = Debug|Any CPU
		{F42B5CDA-D810-4E02-90D6-8B293F6F12E0}.Debug|Any CPU.Build.0 = Debug|Any CPU
		{F42B5CDA-D810-4E02-90D6-8B293F6F12E0}.Release|Any CPU.ActiveCfg = Release|Any CPU
		{F42B5CDA-D810-4E02-90D6-8B293F6F12E0}.Release|Any CPU.Build.0 = Release|Any CPU
		{72908197-019C-4A32-8E31-6AC8D148A3A2}.Debug|Any CPU.ActiveCfg = Debug|Any CPU
		{72908197-019C-4A32-8E31-6AC8D148A3A2}.Debug|Any CPU.Build.0 = Debug|Any CPU
		{72908197-019C-4A32-8E31-6AC8D148A3A2}.Release|Any CPU.ActiveCfg = Release|Any CPU
		{72908197-019C-4A32-8E31-6AC8D148A3A2}.Release|Any CPU.Build.0 = Release|Any CPU
		{24E5540C-B4BB-4A3D-9F2B-46D156F7A786}.Debug|Any CPU.ActiveCfg = Debug|Any CPU
		{24E5540C-B4BB-4A3D-9F2B-46D156F7A786}.Debug|Any CPU.Build.0 = Debug|Any CPU
		{24E5540C-B4BB-4A3D-9F2B-46D156F7A786}.Release|Any CPU.ActiveCfg = Release|Any CPU
		{24E5540C-B4BB-4A3D-9F2B-46D156F7A786}.Release|Any CPU.Build.0 = Release|Any CPU
		{6D1002A2-503C-4EBB-B7C6-C2EDD9B16FB2}.Debug|Any CPU.ActiveCfg = Debug|Any CPU
		{6D1002A2-503C-4EBB-B7C6-C2EDD9B16FB2}.Debug|Any CPU.Build.0 = Debug|Any CPU
		{6D1002A2-503C-4EBB-B7C6-C2EDD9B16FB2}.Release|Any CPU.ActiveCfg = Release|Any CPU
		{6D1002A2-503C-4EBB-B7C6-C2EDD9B16FB2}.Release|Any CPU.Build.0 = Release|Any CPU
		{1A40AA19-34D5-4772-8B5F-017DB9C53A02}.Debug|Any CPU.ActiveCfg = Debug|Any CPU
		{1A40AA19-34D5-4772-8B5F-017DB9C53A02}.Debug|Any CPU.Build.0 = Debug|Any CPU
		{1A40AA19-34D5-4772-8B5F-017DB9C53A02}.Release|Any CPU.ActiveCfg = Release|Any CPU
		{1A40AA19-34D5-4772-8B5F-017DB9C53A02}.Release|Any CPU.Build.0 = Release|Any CPU
		{B6574CE2-CD88-4D3A-B6EF-E7A7B87E28C5}.Debug|Any CPU.ActiveCfg = Debug|Any CPU
		{B6574CE2-CD88-4D3A-B6EF-E7A7B87E28C5}.Debug|Any CPU.Build.0 = Debug|Any CPU
		{B6574CE2-CD88-4D3A-B6EF-E7A7B87E28C5}.Release|Any CPU.ActiveCfg = Release|Any CPU
		{B6574CE2-CD88-4D3A-B6EF-E7A7B87E28C5}.Release|Any CPU.Build.0 = Release|Any CPU
		{A0AB6E35-5327-45CE-BC30-8415AA107961}.Debug|Any CPU.ActiveCfg = Debug|Any CPU
		{A0AB6E35-5327-45CE-BC30-8415AA107961}.Debug|Any CPU.Build.0 = Debug|Any CPU
		{A0AB6E35-5327-45CE-BC30-8415AA107961}.Release|Any CPU.ActiveCfg = Release|Any CPU
		{A0AB6E35-5327-45CE-BC30-8415AA107961}.Release|Any CPU.Build.0 = Release|Any CPU
		{E69464B6-E8C6-4C1B-8432-6FB2CBD7C499}.Debug|Any CPU.ActiveCfg = Debug|Any CPU
		{E69464B6-E8C6-4C1B-8432-6FB2CBD7C499}.Debug|Any CPU.Build.0 = Debug|Any CPU
		{E69464B6-E8C6-4C1B-8432-6FB2CBD7C499}.Release|Any CPU.ActiveCfg = Release|Any CPU
		{E69464B6-E8C6-4C1B-8432-6FB2CBD7C499}.Release|Any CPU.Build.0 = Release|Any CPU
		{2A935E33-5214-4B6E-8117-5F4DABB456A1}.Debug|Any CPU.ActiveCfg = Debug|Any CPU
		{2A935E33-5214-4B6E-8117-5F4DABB456A1}.Debug|Any CPU.Build.0 = Debug|Any CPU
		{2A935E33-5214-4B6E-8117-5F4DABB456A1}.Release|Any CPU.ActiveCfg = Release|Any CPU
		{2A935E33-5214-4B6E-8117-5F4DABB456A1}.Release|Any CPU.Build.0 = Release|Any CPU
		{58C322EB-924B-4219-AFBC-36AB56FB2D74}.Debug|Any CPU.ActiveCfg = Debug|Any CPU
		{58C322EB-924B-4219-AFBC-36AB56FB2D74}.Debug|Any CPU.Build.0 = Debug|Any CPU
		{58C322EB-924B-4219-AFBC-36AB56FB2D74}.Release|Any CPU.ActiveCfg = Release|Any CPU
		{58C322EB-924B-4219-AFBC-36AB56FB2D74}.Release|Any CPU.Build.0 = Release|Any CPU
		{9248427D-9125-406C-AEC7-096EF1D7473B}.Debug|Any CPU.ActiveCfg = Debug|Any CPU
		{9248427D-9125-406C-AEC7-096EF1D7473B}.Debug|Any CPU.Build.0 = Debug|Any CPU
		{9248427D-9125-406C-AEC7-096EF1D7473B}.Release|Any CPU.ActiveCfg = Release|Any CPU
		{9248427D-9125-406C-AEC7-096EF1D7473B}.Release|Any CPU.Build.0 = Release|Any CPU
		{02E482E5-2E06-4763-9D13-1CE05EAFBD39}.Debug|Any CPU.ActiveCfg = Debug|Any CPU
		{02E482E5-2E06-4763-9D13-1CE05EAFBD39}.Debug|Any CPU.Build.0 = Debug|Any CPU
		{02E482E5-2E06-4763-9D13-1CE05EAFBD39}.Release|Any CPU.ActiveCfg = Release|Any CPU
		{02E482E5-2E06-4763-9D13-1CE05EAFBD39}.Release|Any CPU.Build.0 = Release|Any CPU
		{100794C3-DBA0-429C-A469-4228EAFC6886}.Debug|Any CPU.ActiveCfg = Debug|Any CPU
		{100794C3-DBA0-429C-A469-4228EAFC6886}.Debug|Any CPU.Build.0 = Debug|Any CPU
		{100794C3-DBA0-429C-A469-4228EAFC6886}.Release|Any CPU.ActiveCfg = Release|Any CPU
		{100794C3-DBA0-429C-A469-4228EAFC6886}.Release|Any CPU.Build.0 = Release|Any CPU
		{869039FD-DC80-42BE-B904-AC367A1B4777}.Debug|Any CPU.ActiveCfg = Debug|Any CPU
		{869039FD-DC80-42BE-B904-AC367A1B4777}.Debug|Any CPU.Build.0 = Debug|Any CPU
		{869039FD-DC80-42BE-B904-AC367A1B4777}.Release|Any CPU.ActiveCfg = Release|Any CPU
		{869039FD-DC80-42BE-B904-AC367A1B4777}.Release|Any CPU.Build.0 = Release|Any CPU
		{682E4E2A-1529-46F3-9A38-EFE4B36C67C2}.Debug|Any CPU.ActiveCfg = Debug|Any CPU
		{682E4E2A-1529-46F3-9A38-EFE4B36C67C2}.Debug|Any CPU.Build.0 = Debug|Any CPU
		{682E4E2A-1529-46F3-9A38-EFE4B36C67C2}.Release|Any CPU.ActiveCfg = Release|Any CPU
		{682E4E2A-1529-46F3-9A38-EFE4B36C67C2}.Release|Any CPU.Build.0 = Release|Any CPU
		{C59C01D1-43C7-4BA7-B546-6101B7A23796}.Debug|Any CPU.ActiveCfg = Debug|Any CPU
		{C59C01D1-43C7-4BA7-B546-6101B7A23796}.Debug|Any CPU.Build.0 = Debug|Any CPU
		{C59C01D1-43C7-4BA7-B546-6101B7A23796}.Release|Any CPU.ActiveCfg = Release|Any CPU
		{C59C01D1-43C7-4BA7-B546-6101B7A23796}.Release|Any CPU.Build.0 = Release|Any CPU
		{DC812CFA-BEEA-473C-BD99-E9203F144E69}.Debug|Any CPU.ActiveCfg = Debug|Any CPU
		{DC812CFA-BEEA-473C-BD99-E9203F144E69}.Debug|Any CPU.Build.0 = Debug|Any CPU
		{DC812CFA-BEEA-473C-BD99-E9203F144E69}.Release|Any CPU.ActiveCfg = Release|Any CPU
		{DC812CFA-BEEA-473C-BD99-E9203F144E69}.Release|Any CPU.Build.0 = Release|Any CPU
		{E66C1458-35B6-4F0F-9DB3-6A5D2B581D4C}.Debug|Any CPU.ActiveCfg = Debug|Any CPU
		{E66C1458-35B6-4F0F-9DB3-6A5D2B581D4C}.Debug|Any CPU.Build.0 = Debug|Any CPU
		{E66C1458-35B6-4F0F-9DB3-6A5D2B581D4C}.Release|Any CPU.ActiveCfg = Release|Any CPU
		{E66C1458-35B6-4F0F-9DB3-6A5D2B581D4C}.Release|Any CPU.Build.0 = Release|Any CPU
		{ECA878FC-10AD-4971-AC5B-FEDCC3BD9DFC}.Debug|Any CPU.ActiveCfg = Debug|Any CPU
		{ECA878FC-10AD-4971-AC5B-FEDCC3BD9DFC}.Debug|Any CPU.Build.0 = Debug|Any CPU
		{ECA878FC-10AD-4971-AC5B-FEDCC3BD9DFC}.Release|Any CPU.ActiveCfg = Release|Any CPU
		{ECA878FC-10AD-4971-AC5B-FEDCC3BD9DFC}.Release|Any CPU.Build.0 = Release|Any CPU
		{C2EB534A-111F-455C-A160-FB9CCBD523CB}.Debug|Any CPU.ActiveCfg = Debug|Any CPU
		{C2EB534A-111F-455C-A160-FB9CCBD523CB}.Debug|Any CPU.Build.0 = Debug|Any CPU
		{C2EB534A-111F-455C-A160-FB9CCBD523CB}.Release|Any CPU.ActiveCfg = Release|Any CPU
		{C2EB534A-111F-455C-A160-FB9CCBD523CB}.Release|Any CPU.Build.0 = Release|Any CPU
		{82B4F606-C2CC-47B2-ADF3-594DB19219E5}.Debug|Any CPU.ActiveCfg = Debug|Any CPU
		{82B4F606-C2CC-47B2-ADF3-594DB19219E5}.Debug|Any CPU.Build.0 = Debug|Any CPU
		{82B4F606-C2CC-47B2-ADF3-594DB19219E5}.Release|Any CPU.ActiveCfg = Release|Any CPU
		{82B4F606-C2CC-47B2-ADF3-594DB19219E5}.Release|Any CPU.Build.0 = Release|Any CPU
		{0B3F4B9A-E94D-4C7D-9C7F-1352355FAA14}.Debug|Any CPU.ActiveCfg = Debug|Any CPU
		{0B3F4B9A-E94D-4C7D-9C7F-1352355FAA14}.Debug|Any CPU.Build.0 = Debug|Any CPU
		{0B3F4B9A-E94D-4C7D-9C7F-1352355FAA14}.Release|Any CPU.ActiveCfg = Release|Any CPU
		{0B3F4B9A-E94D-4C7D-9C7F-1352355FAA14}.Release|Any CPU.Build.0 = Release|Any CPU
		{BA1B39FF-3E77-4F44-9E89-11A9A2BDCD68}.Debug|Any CPU.ActiveCfg = Debug|Any CPU
		{BA1B39FF-3E77-4F44-9E89-11A9A2BDCD68}.Debug|Any CPU.Build.0 = Debug|Any CPU
		{BA1B39FF-3E77-4F44-9E89-11A9A2BDCD68}.Release|Any CPU.ActiveCfg = Release|Any CPU
		{BA1B39FF-3E77-4F44-9E89-11A9A2BDCD68}.Release|Any CPU.Build.0 = Release|Any CPU
		{367C9FFF-A5F1-49A5-9900-77E02D82A0A4}.Debug|Any CPU.ActiveCfg = Debug|Any CPU
		{367C9FFF-A5F1-49A5-9900-77E02D82A0A4}.Debug|Any CPU.Build.0 = Debug|Any CPU
		{367C9FFF-A5F1-49A5-9900-77E02D82A0A4}.Release|Any CPU.ActiveCfg = Release|Any CPU
		{367C9FFF-A5F1-49A5-9900-77E02D82A0A4}.Release|Any CPU.Build.0 = Release|Any CPU
		{EA7B69D0-0AC2-4CC6-87A3-3F2E5F51850E}.Debug|Any CPU.ActiveCfg = Debug|Any CPU
		{EA7B69D0-0AC2-4CC6-87A3-3F2E5F51850E}.Debug|Any CPU.Build.0 = Debug|Any CPU
		{EA7B69D0-0AC2-4CC6-87A3-3F2E5F51850E}.Release|Any CPU.ActiveCfg = Release|Any CPU
		{EA7B69D0-0AC2-4CC6-87A3-3F2E5F51850E}.Release|Any CPU.Build.0 = Release|Any CPU
		{5D6A9C18-CFE7-4123-9AEB-F95F25A23632}.Debug|Any CPU.ActiveCfg = Debug|Any CPU
		{5D6A9C18-CFE7-4123-9AEB-F95F25A23632}.Debug|Any CPU.Build.0 = Debug|Any CPU
		{5D6A9C18-CFE7-4123-9AEB-F95F25A23632}.Release|Any CPU.ActiveCfg = Release|Any CPU
		{5D6A9C18-CFE7-4123-9AEB-F95F25A23632}.Release|Any CPU.Build.0 = Release|Any CPU
		{263ECF23-BB52-4FE3-86FA-C50DAD21294E}.Debug|Any CPU.ActiveCfg = Debug|Any CPU
		{263ECF23-BB52-4FE3-86FA-C50DAD21294E}.Debug|Any CPU.Build.0 = Debug|Any CPU
		{263ECF23-BB52-4FE3-86FA-C50DAD21294E}.Release|Any CPU.ActiveCfg = Release|Any CPU
		{263ECF23-BB52-4FE3-86FA-C50DAD21294E}.Release|Any CPU.Build.0 = Release|Any CPU
		{B3C50B7B-DE76-4BB2-8257-32F61B916B47}.Debug|Any CPU.ActiveCfg = Debug|Any CPU
		{B3C50B7B-DE76-4BB2-8257-32F61B916B47}.Debug|Any CPU.Build.0 = Debug|Any CPU
		{B3C50B7B-DE76-4BB2-8257-32F61B916B47}.Release|Any CPU.ActiveCfg = Release|Any CPU
		{B3C50B7B-DE76-4BB2-8257-32F61B916B47}.Release|Any CPU.Build.0 = Release|Any CPU
	EndGlobalSection
	GlobalSection(SolutionProperties) = preSolution
		HideSolutionNode = FALSE
	EndGlobalSection
	GlobalSection(NestedProjects) = preSolution
		{2A9C0F7E-C24B-45FB-B50D-DA24BC2B0110} = {2A6B8933-4F25-4A7E-A018-D2828D740CEB}
		{DF51E591-6CC0-4823-B331-065C48C3695D} = {2A6B8933-4F25-4A7E-A018-D2828D740CEB}
		{EDD09DFD-9371-4891-927E-34F2292D54C3} = {2A6B8933-4F25-4A7E-A018-D2828D740CEB}
		{EFD939D4-BB62-4C46-9217-21A9A4225198} = {73459FB5-C6AF-413E-99F9-FFD60FC7195E}
		{922BFEBB-C50A-42C4-97BB-2C208EA24B00} = {73459FB5-C6AF-413E-99F9-FFD60FC7195E}
		{826033BC-AAE2-4542-9A2F-DBF12FA3A719} = {73459FB5-C6AF-413E-99F9-FFD60FC7195E}
		{77FF7A27-1F31-4673-9BB3-176FF71668BF} = {73459FB5-C6AF-413E-99F9-FFD60FC7195E}
		{73459FB5-C6AF-413E-99F9-FFD60FC7195E} = {24FC7AE6-BB22-4CBB-B7E2-F84848317422}
		{E36421F1-FBC4-46FC-8A55-B0D05E651925} = {24FC7AE6-BB22-4CBB-B7E2-F84848317422}
		{33895E7A-C51D-427F-9AA7-1A11719C60DD} = {24FC7AE6-BB22-4CBB-B7E2-F84848317422}
		{D0D8CCCF-1084-41AC-A9A8-F49F4C349B8F} = {24FC7AE6-BB22-4CBB-B7E2-F84848317422}
		{6A887139-54F2-4CF4-9B6A-25C87F8FB9AF} = {E36421F1-FBC4-46FC-8A55-B0D05E651925}
		{9FA0D0B5-FE97-4C09-9E85-725834E3222F} = {E36421F1-FBC4-46FC-8A55-B0D05E651925}
		{405ADD1F-FFA5-458C-97AF-E3BA48AF70B0} = {E36421F1-FBC4-46FC-8A55-B0D05E651925}
		{CBC1AB51-5C4E-4719-8497-27E3266F7136} = {E36421F1-FBC4-46FC-8A55-B0D05E651925}
		{8932FE0D-FC32-4BF9-AF29-103360241EDB} = {E36421F1-FBC4-46FC-8A55-B0D05E651925}
		{EA343138-6944-4EFC-893D-706F2DB3FEB1} = {33895E7A-C51D-427F-9AA7-1A11719C60DD}
		{8C770E81-FC8C-49D3-9E4F-094049C465A0} = {33895E7A-C51D-427F-9AA7-1A11719C60DD}
		{F3F305FC-C1CE-41E9-AB45-044241C4948A} = {33895E7A-C51D-427F-9AA7-1A11719C60DD}
		{3C89A687-D12C-4B26-B21B-F861F4B2389F} = {33895E7A-C51D-427F-9AA7-1A11719C60DD}
		{684F45AA-D87D-45E8-9FAD-5AEFAC0A4B72} = {33895E7A-C51D-427F-9AA7-1A11719C60DD}
		{ABE40525-B59C-4130-B3E3-7C3851E4DE0A} = {33895E7A-C51D-427F-9AA7-1A11719C60DD}
		{06306A47-C9F2-4D05-B28D-2021348442B7} = {D0D8CCCF-1084-41AC-A9A8-F49F4C349B8F}
		{3411F9CE-1E01-437D-B63C-A532E6EEEA80} = {D0D8CCCF-1084-41AC-A9A8-F49F4C349B8F}
		{562D3B05-A213-49E4-A447-6F645553A544} = {D0D8CCCF-1084-41AC-A9A8-F49F4C349B8F}
		{C22CD308-646E-4140-ADEF-DD8CB0DC11D1} = {D0D8CCCF-1084-41AC-A9A8-F49F4C349B8F}
		{34E1D037-9751-4965-BAB9-F95D655AD0AB} = {D0D8CCCF-1084-41AC-A9A8-F49F4C349B8F}
		{0729A439-7C31-4B00-A649-387D1D940618} = {2A6B8933-4F25-4A7E-A018-D2828D740CEB}
		{C4276A5C-F921-4817-862F-ACE24551EC4E} = {2A6B8933-4F25-4A7E-A018-D2828D740CEB}
		{19BD67DA-E6F7-4B32-8EFC-05DA88ADA0A2} = {2A6B8933-4F25-4A7E-A018-D2828D740CEB}
		{E1789DAB-856D-44B4-B128-C6D8C93E4262} = {24FC7AE6-BB22-4CBB-B7E2-F84848317422}
		{310ECEA5-E1E5-4563-A988-30643BB48967} = {2A6B8933-4F25-4A7E-A018-D2828D740CEB}
		{E60F5E5C-6813-430C-A58D-FD1062FB6F67} = {C4276A5C-F921-4817-862F-ACE24551EC4E}
		{90CCFB87-626A-4E29-B78D-98B47E4121D4} = {C4276A5C-F921-4817-862F-ACE24551EC4E}
		{2D6577FB-0399-4F49-920C-D606A8AA547D} = {19BD67DA-E6F7-4B32-8EFC-05DA88ADA0A2}
		{33DD211E-02BD-4525-B54F-4673C048640A} = {19BD67DA-E6F7-4B32-8EFC-05DA88ADA0A2}
		{1558DA7E-2B1F-4253-B74A-E650410F4F96} = {E1789DAB-856D-44B4-B128-C6D8C93E4262}
		{FF733FD7-19BD-4790-9CF1-666FA0A63578} = {E1789DAB-856D-44B4-B128-C6D8C93E4262}
		{A17D8ECA-C8AD-443E-9615-793E008D903E} = {E1789DAB-856D-44B4-B128-C6D8C93E4262}
		{ED20E0EA-B3D6-4CB9-BC35-81CC17FD3061} = {E1789DAB-856D-44B4-B128-C6D8C93E4262}
		{6AADFED1-069B-45ED-87E9-C98780904E78} = {E1789DAB-856D-44B4-B128-C6D8C93E4262}
		{BBA67BA7-8D61-4578-B8D6-82EEB1E2BA5B} = {E1789DAB-856D-44B4-B128-C6D8C93E4262}
		{D24E5876-D733-4DD6-A501-F7C51B21196D} = {E1789DAB-856D-44B4-B128-C6D8C93E4262}
		{80F4F6BA-D856-4A73-95E3-67B174B85F50} = {24FC7AE6-BB22-4CBB-B7E2-F84848317422}
		{7B18B969-DCF2-4828-B7C6-3EA90FE33DCE} = {80F4F6BA-D856-4A73-95E3-67B174B85F50}
		{F910C3CB-E1EC-484B-BB62-8823FEDA9098} = {80F4F6BA-D856-4A73-95E3-67B174B85F50}
		{2F0CA6B4-5094-40E6-B5DB-14DB47617154} = {80F4F6BA-D856-4A73-95E3-67B174B85F50}
		{2EFA01D6-996E-4EF7-8C2E-328E59E58CC0} = {24FC7AE6-BB22-4CBB-B7E2-F84848317422}
		{B9E225BD-CD95-48CC-8DFD-9A3C100C0C46} = {2EFA01D6-996E-4EF7-8C2E-328E59E58CC0}
		{0530F83D-2D0A-4307-AB45-A228A8C9C3CC} = {2EFA01D6-996E-4EF7-8C2E-328E59E58CC0}
		{7DF3E3CF-1BA0-4D90-B55C-273B98265441} = {2EFA01D6-996E-4EF7-8C2E-328E59E58CC0}
		{3D7B9D52-A1EF-43EA-8EC0-526FE017C71D} = {24FC7AE6-BB22-4CBB-B7E2-F84848317422}
		{B8E1B0CA-59EF-4E9D-96F1-8D70BB2A9BBD} = {3D7B9D52-A1EF-43EA-8EC0-526FE017C71D}
		{12EE8426-F770-4E0E-ABA8-28440739222E} = {3D7B9D52-A1EF-43EA-8EC0-526FE017C71D}
		{AAB1BB8C-2CFB-4F11-AD54-301AEDE32D28} = {24FC7AE6-BB22-4CBB-B7E2-F84848317422}
		{E8DFD8F6-272E-487F-B46B-433AB340861C} = {AAB1BB8C-2CFB-4F11-AD54-301AEDE32D28}
		{E191B0DB-EA2F-4E62-A9E9-3DDBE06BBF21} = {AAB1BB8C-2CFB-4F11-AD54-301AEDE32D28}
		{DEED21B4-E584-4652-B05F-38227095DFAB} = {24FC7AE6-BB22-4CBB-B7E2-F84848317422}
		{EBF7AC4E-B64D-4E3D-8773-9C5FF7C18756} = {DEED21B4-E584-4652-B05F-38227095DFAB}
		{97E08274-F52D-4EF2-8911-BD425A95347B} = {DEED21B4-E584-4652-B05F-38227095DFAB}
		{2CE9B036-2344-47D4-96D3-E991A2901970} = {DEED21B4-E584-4652-B05F-38227095DFAB}
		{8E1AEAAE-1656-4A54-B2B6-91CF5E79EFEB} = {DEED21B4-E584-4652-B05F-38227095DFAB}
		{992B9A4D-0715-434E-93A0-03F80265F6A0} = {DEED21B4-E584-4652-B05F-38227095DFAB}
		{52B53E42-90D6-4AEA-BFCE-E9C28F8CFB9F} = {DEED21B4-E584-4652-B05F-38227095DFAB}
		{243CECE4-3332-4161-97C7-5C1EDBE2693D} = {24FC7AE6-BB22-4CBB-B7E2-F84848317422}
		{C231B540-9FB2-49AF-8488-75289329B473} = {243CECE4-3332-4161-97C7-5C1EDBE2693D}
		{3271B547-1DD7-4091-B0E7-384FB177952B} = {2A6B8933-4F25-4A7E-A018-D2828D740CEB}
		{63BE600A-843B-4788-9E3F-901FF8BF3F4D} = {3271B547-1DD7-4091-B0E7-384FB177952B}
		{598AC126-F2D6-4CA5-942A-6E120EE76487} = {243CECE4-3332-4161-97C7-5C1EDBE2693D}
		{57FEAE0C-54EC-46C8-B339-7735676D5B44} = {243CECE4-3332-4161-97C7-5C1EDBE2693D}
		{EDF138D4-8CFD-475B-9C22-2E0472974B49} = {243CECE4-3332-4161-97C7-5C1EDBE2693D}
		{4C7E9237-38F6-4A8B-B408-6D56ADF309A2} = {243CECE4-3332-4161-97C7-5C1EDBE2693D}
		{C59C013C-2C48-4120-B218-5E6FEE36310D} = {243CECE4-3332-4161-97C7-5C1EDBE2693D}
		{647DEE9B-ACFA-4A74-9870-A6432E8ADE32} = {2A6B8933-4F25-4A7E-A018-D2828D740CEB}
		{2AA1F1BD-2D2F-4BF4-A862-41ADFA6FD030} = {647DEE9B-ACFA-4A74-9870-A6432E8ADE32}
		{8EA2520B-AAB7-492C-8444-4FF8E1424BE4} = {2A6B8933-4F25-4A7E-A018-D2828D740CEB}
		{4901961A-9D65-4B72-A2D2-E69905FC742C} = {2A6B8933-4F25-4A7E-A018-D2828D740CEB}
		{6A214F63-9A00-48F2-BA87-B2E268E3A183} = {8EA2520B-AAB7-492C-8444-4FF8E1424BE4}
		{5C419DC1-671F-4873-B525-DC6570605EC3} = {4901961A-9D65-4B72-A2D2-E69905FC742C}
		{D90717EE-C12F-4694-A954-0E6AB73F34EE} = {24FC7AE6-BB22-4CBB-B7E2-F84848317422}
		{D7EDB582-18C8-46F7-AF80-A22B121044E6} = {D90717EE-C12F-4694-A954-0E6AB73F34EE}
		{959800ED-BDBE-41B1-9C62-96C16A881EF4} = {D90717EE-C12F-4694-A954-0E6AB73F34EE}
		{7AADF291-F941-44F0-A0A4-93C36B77826B} = {24FC7AE6-BB22-4CBB-B7E2-F84848317422}
		{F42B5CDA-D810-4E02-90D6-8B293F6F12E0} = {7AADF291-F941-44F0-A0A4-93C36B77826B}
		{72908197-019C-4A32-8E31-6AC8D148A3A2} = {7AADF291-F941-44F0-A0A4-93C36B77826B}
		{8DFAE24C-7303-4897-8EC3-53B02794602E} = {2A6B8933-4F25-4A7E-A018-D2828D740CEB}
		{24E5540C-B4BB-4A3D-9F2B-46D156F7A786} = {8DFAE24C-7303-4897-8EC3-53B02794602E}
		{6D1002A2-503C-4EBB-B7C6-C2EDD9B16FB2} = {8DFAE24C-7303-4897-8EC3-53B02794602E}
		{1E16FCC0-E281-4283-A956-46398F5F5882} = {73DC29EA-79AB-46C5-9822-F8995BE88BA3}
		{1A40AA19-34D5-4772-8B5F-017DB9C53A02} = {1E16FCC0-E281-4283-A956-46398F5F5882}
		{B6574CE2-CD88-4D3A-B6EF-E7A7B87E28C5} = {1E16FCC0-E281-4283-A956-46398F5F5882}
		{1D84C317-E5CF-40E4-9359-24C002D77A3D} = {73DC29EA-79AB-46C5-9822-F8995BE88BA3}
		{A0AB6E35-5327-45CE-BC30-8415AA107961} = {1D84C317-E5CF-40E4-9359-24C002D77A3D}
		{E69464B6-E8C6-4C1B-8432-6FB2CBD7C499} = {1D84C317-E5CF-40E4-9359-24C002D77A3D}
		{B3A9D727-1F13-4471-B758-034CAC9D9508} = {2A6B8933-4F25-4A7E-A018-D2828D740CEB}
		{2A935E33-5214-4B6E-8117-5F4DABB456A1} = {B3A9D727-1F13-4471-B758-034CAC9D9508}
		{4A4780AE-0032-41C3-A470-932967895BD0} = {2A6B8933-4F25-4A7E-A018-D2828D740CEB}
		{58C322EB-924B-4219-AFBC-36AB56FB2D74} = {4A4780AE-0032-41C3-A470-932967895BD0}
		{2CDAB134-C033-4A98-A88C-52DDD1E4E321} = {2A6B8933-4F25-4A7E-A018-D2828D740CEB}
		{9248427D-9125-406C-AEC7-096EF1D7473B} = {2CDAB134-C033-4A98-A88C-52DDD1E4E321}
		{02E482E5-2E06-4763-9D13-1CE05EAFBD39} = {EF08D18A-5BFD-4B6E-88BC-B951BFFE8DE6}
		{100794C3-DBA0-429C-A469-4228EAFC6886} = {EF08D18A-5BFD-4B6E-88BC-B951BFFE8DE6}
		{5FB412B0-4C0C-4309-A548-C64D82161689} = {2A6B8933-4F25-4A7E-A018-D2828D740CEB}
		{869039FD-DC80-42BE-B904-AC367A1B4777} = {5FB412B0-4C0C-4309-A548-C64D82161689}
		{8A6E85B7-AE92-48E9-85D1-14A0F05AA639} = {738B3ED6-B44B-44B7-A8E2-EA94DF34FB1C}
		{682E4E2A-1529-46F3-9A38-EFE4B36C67C2} = {8A6E85B7-AE92-48E9-85D1-14A0F05AA639}
		{C59C01D1-43C7-4BA7-B546-6101B7A23796} = {8A6E85B7-AE92-48E9-85D1-14A0F05AA639}
		{9BA1FC8A-334B-4FD5-B763-EDC167B5A1EE} = {738B3ED6-B44B-44B7-A8E2-EA94DF34FB1C}
		{DC812CFA-BEEA-473C-BD99-E9203F144E69} = {9BA1FC8A-334B-4FD5-B763-EDC167B5A1EE}
		{EA093F74-B874-4699-B0F7-737A254C7AF9} = {738B3ED6-B44B-44B7-A8E2-EA94DF34FB1C}
		{E66C1458-35B6-4F0F-9DB3-6A5D2B581D4C} = {EA093F74-B874-4699-B0F7-737A254C7AF9}
		{ECA878FC-10AD-4971-AC5B-FEDCC3BD9DFC} = {EA093F74-B874-4699-B0F7-737A254C7AF9}
		{18D199DE-B8FF-45D4-AAC1-4C4578ED636A} = {69C68D65-CA11-43E9-9606-8B34D18B3FAA}
		{C2EB534A-111F-455C-A160-FB9CCBD523CB} = {18D199DE-B8FF-45D4-AAC1-4C4578ED636A}
		{EF08D18A-5BFD-4B6E-88BC-B951BFFE8DE6} = {69C68D65-CA11-43E9-9606-8B34D18B3FAA}
		{82B4F606-C2CC-47B2-ADF3-594DB19219E5} = {18D199DE-B8FF-45D4-AAC1-4C4578ED636A}
		{0B3F4B9A-E94D-4C7D-9C7F-1352355FAA14} = {18D199DE-B8FF-45D4-AAC1-4C4578ED636A}
		{BA1B39FF-3E77-4F44-9E89-11A9A2BDCD68} = {18D199DE-B8FF-45D4-AAC1-4C4578ED636A}
		{367C9FFF-A5F1-49A5-9900-77E02D82A0A4} = {18D199DE-B8FF-45D4-AAC1-4C4578ED636A}
		{8F5F179E-05E0-4F15-B37B-AA45AA2F7459} = {2A6B8933-4F25-4A7E-A018-D2828D740CEB}
		{EA7B69D0-0AC2-4CC6-87A3-3F2E5F51850E} = {8F5F179E-05E0-4F15-B37B-AA45AA2F7459}
		{D02F3228-1A6B-4EDC-9474-CF5C0F642317} = {2A6B8933-4F25-4A7E-A018-D2828D740CEB}
		{5D6A9C18-CFE7-4123-9AEB-F95F25A23632} = {D02F3228-1A6B-4EDC-9474-CF5C0F642317}
		{CB06C392-E47A-408B-AB7F-EDCAB11656F5} = {69C68D65-CA11-43E9-9606-8B34D18B3FAA}
		{263ECF23-BB52-4FE3-86FA-C50DAD21294E} = {CB06C392-E47A-408B-AB7F-EDCAB11656F5}
		{B3C50B7B-DE76-4BB2-8257-32F61B916B47} = {CB06C392-E47A-408B-AB7F-EDCAB11656F5}
	EndGlobalSection
	GlobalSection(ExtensibilityGlobals) = postSolution
		SolutionGuid = {1CA5A8A3-DD06-4915-8F15-50B3DE60A5D9}
	EndGlobalSection
EndGlobal
